// !$*UTF8*$!
{
	archiveVersion = 1;
	classes = {
	};
	objectVersion = 50;
	objects = {

/* Begin PBXBuildFile section */
		C22246C623CC712000EC93F8 /* ARK4.cpp in Sources */ = {isa = PBXBuildFile; fileRef = C22246C423CC712000EC93F8 /* ARK4.cpp */; };
		C22246C923CDC41000EC93F8 /* ARK5.cpp in Sources */ = {isa = PBXBuildFile; fileRef = C22246C723CDC41000EC93F8 /* ARK5.cpp */; };
		C22246CC23CDDB0900EC93F8 /* NK.cpp in Sources */ = {isa = PBXBuildFile; fileRef = C22246CA23CDDB0700EC93F8 /* NK.cpp */; };
		C235FB8C23E1E5760046B0CE /* ARK7.cpp in Sources */ = {isa = PBXBuildFile; fileRef = C235FB8A23E1E5760046B0CE /* ARK7.cpp */; };
		C2469EB723BE31450030E4B0 /* LocalSearchAnalysis.cpp in Sources */ = {isa = PBXBuildFile; fileRef = C2469EB523BE31450030E4B0 /* LocalSearchAnalysis.cpp */; };
		C2469EBA23BE325E0030E4B0 /* GreedyAnalysis.cpp in Sources */ = {isa = PBXBuildFile; fileRef = C2469EB823BE325E0030E4B0 /* GreedyAnalysis.cpp */; };
		C25AFB8A23EB7461004FEC24 /* CountingOnesMO.cpp in Sources */ = {isa = PBXBuildFile; fileRef = C25AFB8823EB7461004FEC24 /* CountingOnesMO.cpp */; };
		C25AFB8D23EB7543004FEC24 /* LOTZ.cpp in Sources */ = {isa = PBXBuildFile; fileRef = C25AFB8B23EB7543004FEC24 /* LOTZ.cpp */; };
		C25AFB9023EB75A0004FEC24 /* ZeroMaxOneMax.cpp in Sources */ = {isa = PBXBuildFile; fileRef = C25AFB8E23EB75A0004FEC24 /* ZeroMaxOneMax.cpp */; };
		C25AFB9323EB75ED004FEC24 /* SimpleMOProblem.cpp in Sources */ = {isa = PBXBuildFile; fileRef = C25AFB9123EB75EC004FEC24 /* SimpleMOProblem.cpp */; };
		C25AFB9623EC7FE6004FEC24 /* TrapInverseTrap.cpp in Sources */ = {isa = PBXBuildFile; fileRef = C25AFB9423EC7FE6004FEC24 /* TrapInverseTrap.cpp */; };
		C25AFB9923ED8AE0004FEC24 /* MO_LS.cpp in Sources */ = {isa = PBXBuildFile; fileRef = C25AFB9723ED8AE0004FEC24 /* MO_LS.cpp */; };
		C269FF152390090500B98092 /* SimpleGA.cpp in Sources */ = {isa = PBXBuildFile; fileRef = C269FF132390090500B98092 /* SimpleGA.cpp */; };
		C293D6E223A787AE001E0636 /* ARK.cpp in Sources */ = {isa = PBXBuildFile; fileRef = C293D6E023A787AE001E0636 /* ARK.cpp */; };
		C293D6E523A7AEE9001E0636 /* RandomSearch.cpp in Sources */ = {isa = PBXBuildFile; fileRef = C293D6E323A7AEE9001E0636 /* RandomSearch.cpp */; };
		C293D6E823AA48D7001E0636 /* UniqueSolutions.cpp in Sources */ = {isa = PBXBuildFile; fileRef = C293D6E623AA48D7001E0636 /* UniqueSolutions.cpp */; };
		C296F66B239A66E300C36EBC /* ProblemType.cpp in Sources */ = {isa = PBXBuildFile; fileRef = C296F669239A66E300C36EBC /* ProblemType.cpp */; };
		C296F66F239E715100C36EBC /* LearnedLTFOS.cpp in Sources */ = {isa = PBXBuildFile; fileRef = C296F66D239E714F00C36EBC /* LearnedLTFOS.cpp */; };
		C2ABE4CF23840C6700D6E774 /* main.cpp in Sources */ = {isa = PBXBuildFile; fileRef = C2ABE4CE23840C6700D6E774 /* main.cpp */; };
		C2ABE4D723840CEB00D6E774 /* Individual.cpp in Sources */ = {isa = PBXBuildFile; fileRef = C2ABE4D523840CEB00D6E774 /* Individual.cpp */; };
		C2ABE4DD23840FC000D6E774 /* Selection.cpp in Sources */ = {isa = PBXBuildFile; fileRef = C2ABE4DB23840FC000D6E774 /* Selection.cpp */; };
		C2ABE4E02384106F00D6E774 /* Variation.cpp in Sources */ = {isa = PBXBuildFile; fileRef = C2ABE4DE2384106F00D6E774 /* Variation.cpp */; };
		C2ABE4E3238410BE00D6E774 /* FitnessFunction.cpp in Sources */ = {isa = PBXBuildFile; fileRef = C2ABE4E1238410BE00D6E774 /* FitnessFunction.cpp */; };
		C2ABE4E62384113A00D6E774 /* GA.cpp in Sources */ = {isa = PBXBuildFile; fileRef = C2ABE4E42384113A00D6E774 /* GA.cpp */; };
		C2ABE4E9238441A300D6E774 /* Utility.cpp in Sources */ = {isa = PBXBuildFile; fileRef = C2ABE4E7238441A300D6E774 /* Utility.cpp */; };
		C2ABE4EC2387EF9500D6E774 /* RoundSchedule.cpp in Sources */ = {isa = PBXBuildFile; fileRef = C2ABE4EA2387EF9500D6E774 /* RoundSchedule.cpp */; };
		C2AC1A0923F455690054524C /* Makefile in Sources */ = {isa = PBXBuildFile; fileRef = C2AC19D823F455660054524C /* Makefile */; };
		C2AC1A0C23F455690054524C /* nsga2r.cpp in Sources */ = {isa = PBXBuildFile; fileRef = C2AC19DB23F455660054524C /* nsga2r.cpp */; };
		C2AC1A252406837C0054524C /* MO_RS.cpp in Sources */ = {isa = PBXBuildFile; fileRef = C2AC1A232406837C0054524C /* MO_RS.cpp */; };
		C2B369D323BE2AED00E43633 /* ARK2.cpp in Sources */ = {isa = PBXBuildFile; fileRef = C2B369D123BE2AED00E43633 /* ARK2.cpp */; };
		C2B369D623BE2CC200E43633 /* ARK1.cpp in Sources */ = {isa = PBXBuildFile; fileRef = C2B369D423BE2CC200E43633 /* ARK1.cpp */; };
		C2B6B47123E83455003C60C8 /* NSGA_II.cpp in Sources */ = {isa = PBXBuildFile; fileRef = C2B6B46F23E83455003C60C8 /* NSGA_II.cpp */; };
		C2BC66E0238FE5BF006BA6BF /* FOS.cpp in Sources */ = {isa = PBXBuildFile; fileRef = C2BC66DE238FE5BF006BA6BF /* FOS.cpp */; };
		C2BC66E6238FF7DA006BA6BF /* GOM.cpp in Sources */ = {isa = PBXBuildFile; fileRef = C2BC66E4238FF7DA006BA6BF /* GOM.cpp */; };
		C2C0658723C4DDA30067B946 /* ARK3.cpp in Sources */ = {isa = PBXBuildFile; fileRef = C2C0658523C4DDA30067B946 /* ARK3.cpp */; };
		C2C0659023C7893D0067B946 /* GOM_LS.cpp in Sources */ = {isa = PBXBuildFile; fileRef = C2C0658E23C7893D0067B946 /* GOM_LS.cpp */; };
		C2C0659323C8A3030067B946 /* LocalSearchStochastic.cpp in Sources */ = {isa = PBXBuildFile; fileRef = C2C0659123C8A3030067B946 /* LocalSearchStochastic.cpp */; };
		C2C0659623C8AA0B0067B946 /* LocalSearch.cpp in Sources */ = {isa = PBXBuildFile; fileRef = C2C0659423C8AA0B0067B946 /* LocalSearch.cpp */; };
		C2C57BBB23C4BEA6008A5555 /* LocalSearchBase.cpp in Sources */ = {isa = PBXBuildFile; fileRef = C2C57BB923C4BEA6008A5555 /* LocalSearchBase.cpp */; };
		C2C6518E23D9A081007B567A /* ARK6.cpp in Sources */ = {isa = PBXBuildFile; fileRef = C2C6518C23D9A081007B567A /* ARK6.cpp */; };
		C2E2734C23A1089D00D61D19 /* Trap.cpp in Sources */ = {isa = PBXBuildFile; fileRef = C2E2734A23A1089D00D61D19 /* Trap.cpp */; };
/* End PBXBuildFile section */

/* Begin PBXCopyFilesBuildPhase section */
		C2ABE4C923840C6700D6E774 /* CopyFiles */ = {
			isa = PBXCopyFilesBuildPhase;
			buildActionMask = 2147483647;
			dstPath = /usr/share/man/man1/;
			dstSubfolderSpec = 0;
			files = (
			);
			runOnlyForDeploymentPostprocessing = 1;
		};
/* End PBXCopyFilesBuildPhase section */

/* Begin PBXFileReference section */
		C22246C423CC712000EC93F8 /* ARK4.cpp */ = {isa = PBXFileReference; lastKnownFileType = sourcecode.cpp.cpp; path = ARK4.cpp; sourceTree = "<group>"; };
		C22246C523CC712000EC93F8 /* ARK4.hpp */ = {isa = PBXFileReference; lastKnownFileType = sourcecode.cpp.h; path = ARK4.hpp; sourceTree = "<group>"; };
		C22246C723CDC41000EC93F8 /* ARK5.cpp */ = {isa = PBXFileReference; lastKnownFileType = sourcecode.cpp.cpp; path = ARK5.cpp; sourceTree = "<group>"; };
		C22246C823CDC41000EC93F8 /* ARK5.hpp */ = {isa = PBXFileReference; lastKnownFileType = sourcecode.cpp.h; path = ARK5.hpp; sourceTree = "<group>"; };
		C22246CA23CDDB0700EC93F8 /* NK.cpp */ = {isa = PBXFileReference; lastKnownFileType = sourcecode.cpp.cpp; path = NK.cpp; sourceTree = "<group>"; };
		C22246CB23CDDB0800EC93F8 /* NK.hpp */ = {isa = PBXFileReference; lastKnownFileType = sourcecode.cpp.h; path = NK.hpp; sourceTree = "<group>"; };
		C235FB8A23E1E5760046B0CE /* ARK7.cpp */ = {isa = PBXFileReference; lastKnownFileType = sourcecode.cpp.cpp; path = ARK7.cpp; sourceTree = "<group>"; };
		C235FB8B23E1E5760046B0CE /* ARK7.hpp */ = {isa = PBXFileReference; lastKnownFileType = sourcecode.cpp.h; path = ARK7.hpp; sourceTree = "<group>"; };
		C2469EB523BE31450030E4B0 /* LocalSearchAnalysis.cpp */ = {isa = PBXFileReference; lastKnownFileType = sourcecode.cpp.cpp; path = LocalSearchAnalysis.cpp; sourceTree = "<group>"; };
		C2469EB623BE31450030E4B0 /* LocalSearchAnalysis.hpp */ = {isa = PBXFileReference; lastKnownFileType = sourcecode.cpp.h; path = LocalSearchAnalysis.hpp; sourceTree = "<group>"; };
		C2469EB823BE325E0030E4B0 /* GreedyAnalysis.cpp */ = {isa = PBXFileReference; lastKnownFileType = sourcecode.cpp.cpp; path = GreedyAnalysis.cpp; sourceTree = "<group>"; };
		C2469EB923BE325E0030E4B0 /* GreedyAnalysis.hpp */ = {isa = PBXFileReference; lastKnownFileType = sourcecode.cpp.h; path = GreedyAnalysis.hpp; sourceTree = "<group>"; };
		C25AFB8823EB7461004FEC24 /* CountingOnesMO.cpp */ = {isa = PBXFileReference; lastKnownFileType = sourcecode.cpp.cpp; path = CountingOnesMO.cpp; sourceTree = "<group>"; };
		C25AFB8923EB7461004FEC24 /* CountingOnesMO.hpp */ = {isa = PBXFileReference; lastKnownFileType = sourcecode.cpp.h; path = CountingOnesMO.hpp; sourceTree = "<group>"; };
		C25AFB8B23EB7543004FEC24 /* LOTZ.cpp */ = {isa = PBXFileReference; lastKnownFileType = sourcecode.cpp.cpp; path = LOTZ.cpp; sourceTree = "<group>"; };
		C25AFB8C23EB7543004FEC24 /* LOTZ.hpp */ = {isa = PBXFileReference; lastKnownFileType = sourcecode.cpp.h; path = LOTZ.hpp; sourceTree = "<group>"; };
		C25AFB8E23EB75A0004FEC24 /* ZeroMaxOneMax.cpp */ = {isa = PBXFileReference; lastKnownFileType = sourcecode.cpp.cpp; path = ZeroMaxOneMax.cpp; sourceTree = "<group>"; };
		C25AFB9123EB75EC004FEC24 /* SimpleMOProblem.cpp */ = {isa = PBXFileReference; lastKnownFileType = sourcecode.cpp.cpp; path = SimpleMOProblem.cpp; sourceTree = "<group>"; };
		C25AFB9223EB75EC004FEC24 /* SimpleMOProblem.hpp */ = {isa = PBXFileReference; lastKnownFileType = sourcecode.cpp.h; path = SimpleMOProblem.hpp; sourceTree = "<group>"; };
		C25AFB9423EC7FE6004FEC24 /* TrapInverseTrap.cpp */ = {isa = PBXFileReference; lastKnownFileType = sourcecode.cpp.cpp; path = TrapInverseTrap.cpp; sourceTree = "<group>"; };
		C25AFB9523EC7FE6004FEC24 /* TrapInverseTrap.hpp */ = {isa = PBXFileReference; lastKnownFileType = sourcecode.cpp.h; path = TrapInverseTrap.hpp; sourceTree = "<group>"; };
		C25AFB9723ED8AE0004FEC24 /* MO_LS.cpp */ = {isa = PBXFileReference; lastKnownFileType = sourcecode.cpp.cpp; path = MO_LS.cpp; sourceTree = "<group>"; };
		C25AFB9823ED8AE0004FEC24 /* MO_LS.hpp */ = {isa = PBXFileReference; lastKnownFileType = sourcecode.cpp.h; path = MO_LS.hpp; sourceTree = "<group>"; };
		C267AC562396C3D3009A8DA9 /* libpython3.7m.a */ = {isa = PBXFileReference; lastKnownFileType = archive.ar; name = libpython3.7m.a; path = ../../../../../miniconda3/lib/libpython3.7m.a; sourceTree = "<group>"; };
		C269FF132390090500B98092 /* SimpleGA.cpp */ = {isa = PBXFileReference; lastKnownFileType = sourcecode.cpp.cpp; path = SimpleGA.cpp; sourceTree = "<group>"; };
		C269FF142390090500B98092 /* SimpleGA.hpp */ = {isa = PBXFileReference; lastKnownFileType = sourcecode.cpp.h; path = SimpleGA.hpp; sourceTree = "<group>"; };
		C269FF192396ABAD00B98092 /* miniconda3 */ = {isa = PBXFileReference; lastKnownFileType = folder; name = miniconda3; path = ../../../../../miniconda3; sourceTree = "<group>"; };
		C269FF1B2396AE9100B98092 /* python3.7 */ = {isa = PBXFileReference; lastKnownFileType = "compiled.mach-o.executable"; name = python3.7; path = ../../../../../miniconda3/bin/python3.7; sourceTree = "<group>"; };
		C269FF212396B5C400B98092 /* libpython3.7m.a */ = {isa = PBXFileReference; lastKnownFileType = archive.ar; name = libpython3.7m.a; path = ../../../../../miniconda3/envs/myenv/lib/libpython3.7m.a; sourceTree = "<group>"; };
		C293D6E023A787AE001E0636 /* ARK.cpp */ = {isa = PBXFileReference; lastKnownFileType = sourcecode.cpp.cpp; path = ARK.cpp; sourceTree = "<group>"; };
		C293D6E123A787AE001E0636 /* ARK.hpp */ = {isa = PBXFileReference; lastKnownFileType = sourcecode.cpp.h; path = ARK.hpp; sourceTree = "<group>"; };
		C293D6E323A7AEE9001E0636 /* RandomSearch.cpp */ = {isa = PBXFileReference; lastKnownFileType = sourcecode.cpp.cpp; path = RandomSearch.cpp; sourceTree = "<group>"; };
		C293D6E423A7AEE9001E0636 /* RandomSearch.hpp */ = {isa = PBXFileReference; lastKnownFileType = sourcecode.cpp.h; path = RandomSearch.hpp; sourceTree = "<group>"; };
		C293D6E623AA48D7001E0636 /* UniqueSolutions.cpp */ = {isa = PBXFileReference; lastKnownFileType = sourcecode.cpp.cpp; path = UniqueSolutions.cpp; sourceTree = "<group>"; };
		C293D6E723AA48D7001E0636 /* UniqueSolutions.hpp */ = {isa = PBXFileReference; lastKnownFileType = sourcecode.cpp.h; path = UniqueSolutions.hpp; sourceTree = "<group>"; };
		C296F669239A66E300C36EBC /* ProblemType.cpp */ = {isa = PBXFileReference; lastKnownFileType = sourcecode.cpp.cpp; path = ProblemType.cpp; sourceTree = "<group>"; };
		C296F66A239A66E300C36EBC /* ProblemType.hpp */ = {isa = PBXFileReference; lastKnownFileType = sourcecode.cpp.h; path = ProblemType.hpp; sourceTree = "<group>"; };
		C296F66D239E714F00C36EBC /* LearnedLTFOS.cpp */ = {isa = PBXFileReference; lastKnownFileType = sourcecode.cpp.cpp; path = LearnedLTFOS.cpp; sourceTree = "<group>"; };
		C296F66E239E715000C36EBC /* LearnedLTFOS.hpp */ = {isa = PBXFileReference; lastKnownFileType = sourcecode.cpp.h; path = LearnedLTFOS.hpp; sourceTree = "<group>"; };
		C2ABE4CB23840C6700D6E774 /* GA */ = {isa = PBXFileReference; explicitFileType = "compiled.mach-o.executable"; includeInIndex = 0; path = GA; sourceTree = BUILT_PRODUCTS_DIR; };
		C2ABE4CE23840C6700D6E774 /* main.cpp */ = {isa = PBXFileReference; lastKnownFileType = sourcecode.cpp.cpp; path = main.cpp; sourceTree = "<group>"; };
		C2ABE4D523840CEB00D6E774 /* Individual.cpp */ = {isa = PBXFileReference; lastKnownFileType = sourcecode.cpp.cpp; path = Individual.cpp; sourceTree = "<group>"; };
		C2ABE4D623840CEB00D6E774 /* Individual.hpp */ = {isa = PBXFileReference; lastKnownFileType = sourcecode.cpp.h; path = Individual.hpp; sourceTree = "<group>"; };
		C2ABE4DB23840FC000D6E774 /* Selection.cpp */ = {isa = PBXFileReference; lastKnownFileType = sourcecode.cpp.cpp; path = Selection.cpp; sourceTree = "<group>"; };
		C2ABE4DC23840FC000D6E774 /* Selection.hpp */ = {isa = PBXFileReference; lastKnownFileType = sourcecode.cpp.h; path = Selection.hpp; sourceTree = "<group>"; };
		C2ABE4DE2384106F00D6E774 /* Variation.cpp */ = {isa = PBXFileReference; lastKnownFileType = sourcecode.cpp.cpp; path = Variation.cpp; sourceTree = "<group>"; };
		C2ABE4DF2384106F00D6E774 /* Variation.hpp */ = {isa = PBXFileReference; lastKnownFileType = sourcecode.cpp.h; path = Variation.hpp; sourceTree = "<group>"; };
		C2ABE4E1238410BE00D6E774 /* FitnessFunction.cpp */ = {isa = PBXFileReference; lastKnownFileType = sourcecode.cpp.cpp; path = FitnessFunction.cpp; sourceTree = "<group>"; };
		C2ABE4E2238410BE00D6E774 /* FitnessFunction.hpp */ = {isa = PBXFileReference; lastKnownFileType = sourcecode.cpp.h; path = FitnessFunction.hpp; sourceTree = "<group>"; };
		C2ABE4E42384113A00D6E774 /* GA.cpp */ = {isa = PBXFileReference; lastKnownFileType = sourcecode.cpp.cpp; path = GA.cpp; sourceTree = "<group>"; };
		C2ABE4E52384113A00D6E774 /* GA.hpp */ = {isa = PBXFileReference; lastKnownFileType = sourcecode.cpp.h; path = GA.hpp; sourceTree = "<group>"; };
		C2ABE4E7238441A300D6E774 /* Utility.cpp */ = {isa = PBXFileReference; lastKnownFileType = sourcecode.cpp.cpp; path = Utility.cpp; sourceTree = "<group>"; };
		C2ABE4E8238441A300D6E774 /* Utility.hpp */ = {isa = PBXFileReference; lastKnownFileType = sourcecode.cpp.h; path = Utility.hpp; sourceTree = "<group>"; };
		C2ABE4EA2387EF9500D6E774 /* RoundSchedule.cpp */ = {isa = PBXFileReference; lastKnownFileType = sourcecode.cpp.cpp; path = RoundSchedule.cpp; sourceTree = "<group>"; };
		C2ABE4EB2387EF9500D6E774 /* RoundSchedule.hpp */ = {isa = PBXFileReference; lastKnownFileType = sourcecode.cpp.h; path = RoundSchedule.hpp; sourceTree = "<group>"; };
		C2AC19BD23F455630054524C /* Revision */ = {isa = PBXFileReference; fileEncoding = 4; lastKnownFileType = text; path = Revision; sourceTree = "<group>"; };
		C2AC19BF23F455630054524C /* params.out */ = {isa = PBXFileReference; fileEncoding = 4; lastKnownFileType = text; path = params.out; sourceTree = "<group>"; };
		C2AC19C123F455630054524C /* initial_pop.out */ = {isa = PBXFileReference; fileEncoding = 4; lastKnownFileType = text; path = initial_pop.out; sourceTree = "<group>"; };
		C2AC19C223F455630054524C /* check_nsga2_onemax.sh */ = {isa = PBXFileReference; fileEncoding = 4; lastKnownFileType = text.script.sh; path = check_nsga2_onemax.sh; sourceTree = "<group>"; };
		C2AC19C523F455630054524C /* statistics.dat */ = {isa = PBXFileReference; fileEncoding = 4; lastKnownFileType = text; path = statistics.dat; sourceTree = "<group>"; };
		C2AC19C623F455630054524C /* run_stat.sh */ = {isa = PBXFileReference; fileEncoding = 4; lastKnownFileType = text.script.sh; path = run_stat.sh; sourceTree = "<group>"; };
		C2AC19C823F455630054524C /* #problemdef.c# */ = {isa = PBXFileReference; fileEncoding = 4; lastKnownFileType = text; path = "#problemdef.c#"; sourceTree = "<group>"; };
		C2AC19C923F455630054524C /* k_statistics.dat */ = {isa = PBXFileReference; fileEncoding = 4; lastKnownFileType = text; path = k_statistics.dat; sourceTree = "<group>"; };
		C2AC19CD23F455640054524C /* results */ = {isa = PBXFileReference; lastKnownFileType = folder; path = results; sourceTree = "<group>"; };
		C2AC19CE23F455650054524C /* rand.h */ = {isa = PBXFileReference; fileEncoding = 4; lastKnownFileType = sourcecode.c.h; path = rand.h; sourceTree = "<group>"; };
		C2AC19D023F455650054524C /* all_pop.out */ = {isa = PBXFileReference; fileEncoding = 4; lastKnownFileType = text; path = all_pop.out; sourceTree = "<group>"; };
		C2AC19D523F455650054524C /* input_data */ = {isa = PBXFileReference; lastKnownFileType = folder; path = input_data; sourceTree = "<group>"; };
		C2AC19D623F455650054524C /* best_pop.out */ = {isa = PBXFileReference; fileEncoding = 4; lastKnownFileType = text; path = best_pop.out; sourceTree = "<group>"; };
		C2AC19D823F455660054524C /* Makefile */ = {isa = PBXFileReference; fileEncoding = 4; lastKnownFileType = sourcecode.make; path = Makefile; sourceTree = "<group>"; };
		C2AC19DB23F455660054524C /* nsga2r.cpp */ = {isa = PBXFileReference; fileEncoding = 4; lastKnownFileType = sourcecode.cpp.cpp; path = nsga2r.cpp; sourceTree = "<group>"; };
		C2AC19E023F455660054524C /* Notice */ = {isa = PBXFileReference; fileEncoding = 4; lastKnownFileType = text; path = Notice; sourceTree = "<group>"; };
		C2AC19E123F455660054524C /* bisection_nsga_onemax.sh */ = {isa = PBXFileReference; fileEncoding = 4; lastKnownFileType = text.script.sh; path = bisection_nsga_onemax.sh; sourceTree = "<group>"; };
		C2AC19E223F455660054524C /* global.h */ = {isa = PBXFileReference; fileEncoding = 4; lastKnownFileType = sourcecode.c.h; path = global.h; sourceTree = "<group>"; };
		C2AC19E323F455660054524C /* nsga2r */ = {isa = PBXFileReference; lastKnownFileType = "compiled.mach-o.executable"; path = nsga2r; sourceTree = "<group>"; };
		C2AC19E623F455670054524C /* final_pop.out */ = {isa = PBXFileReference; fileEncoding = 4; lastKnownFileType = text; path = final_pop.out; sourceTree = "<group>"; };
		C2AC19EC23F455670054524C /* nsga_onemax_statistics.dat */ = {isa = PBXFileReference; fileEncoding = 4; lastKnownFileType = text; path = nsga_onemax_statistics.dat; sourceTree = "<group>"; };
		C2AC19F123F455680054524C /* Readme */ = {isa = PBXFileReference; fileEncoding = 4; lastKnownFileType = text; path = Readme; sourceTree = "<group>"; };
		C2AC19F823F455680054524C /* output_valgrind.txt */ = {isa = PBXFileReference; fileEncoding = 4; lastKnownFileType = text; path = output_valgrind.txt; sourceTree = "<group>"; };
		C2AC1A232406837C0054524C /* MO_RS.cpp */ = {isa = PBXFileReference; lastKnownFileType = sourcecode.cpp.cpp; path = MO_RS.cpp; sourceTree = "<group>"; };
		C2AC1A242406837C0054524C /* MO_RS.hpp */ = {isa = PBXFileReference; lastKnownFileType = sourcecode.cpp.h; path = MO_RS.hpp; sourceTree = "<group>"; };
		C2AC1A2624068B030054524C /* ZeroMaxOneMax.hpp */ = {isa = PBXFileReference; lastKnownFileType = sourcecode.cpp.h; path = ZeroMaxOneMax.hpp; sourceTree = "<group>"; };
		C2B369D123BE2AED00E43633 /* ARK2.cpp */ = {isa = PBXFileReference; lastKnownFileType = sourcecode.cpp.cpp; path = ARK2.cpp; sourceTree = "<group>"; };
		C2B369D223BE2AED00E43633 /* ARK2.hpp */ = {isa = PBXFileReference; lastKnownFileType = sourcecode.cpp.h; path = ARK2.hpp; sourceTree = "<group>"; };
		C2B369D423BE2CC200E43633 /* ARK1.cpp */ = {isa = PBXFileReference; lastKnownFileType = sourcecode.cpp.cpp; path = ARK1.cpp; sourceTree = "<group>"; };
		C2B369D523BE2CC200E43633 /* ARK1.hpp */ = {isa = PBXFileReference; lastKnownFileType = sourcecode.cpp.h; path = ARK1.hpp; sourceTree = "<group>"; };
		C2B6B46F23E83455003C60C8 /* NSGA_II.cpp */ = {isa = PBXFileReference; lastKnownFileType = sourcecode.cpp.cpp; path = NSGA_II.cpp; sourceTree = "<group>"; };
		C2B6B47023E83455003C60C8 /* NSGA_II.hpp */ = {isa = PBXFileReference; lastKnownFileType = sourcecode.cpp.h; path = NSGA_II.hpp; sourceTree = "<group>"; };
		C2BC66D0238EBA10006BA6BF /* Python.framework */ = {isa = PBXFileReference; lastKnownFileType = wrapper.framework; name = Python.framework; path = System/Library/Frameworks/Python.framework; sourceTree = SDKROOT; };
		C2BC66D2238EC4F7006BA6BF /* python3.7 */ = {isa = PBXFileReference; lastKnownFileType = folder; name = python3.7; path = ../../../../../miniconda3/envs/myenv/lib/python3.7; sourceTree = "<group>"; };
		C2BC66D4238EC50D006BA6BF /* libpython.tbd */ = {isa = PBXFileReference; lastKnownFileType = "sourcecode.text-based-dylib-definition"; name = libpython.tbd; path = usr/lib/libpython.tbd; sourceTree = SDKROOT; };
		C2BC66D7238EC556006BA6BF /* lib */ = {isa = PBXFileReference; lastKnownFileType = folder; name = lib; path = ../../../../../miniconda3/envs/myenv/lib; sourceTree = "<group>"; };
		C2BC66D9238EC71B006BA6BF /* python3.7 */ = {isa = PBXFileReference; lastKnownFileType = "compiled.mach-o.executable"; name = python3.7; path = ../../../../../miniconda3/envs/myenv/bin/python3.7; sourceTree = "<group>"; };
		C2BC66DB238EC874006BA6BF /* python.app */ = {isa = PBXFileReference; lastKnownFileType = wrapper.application; name = python.app; path = ../../../../../miniconda3/python.app; sourceTree = "<group>"; };
		C2BC66DE238FE5BF006BA6BF /* FOS.cpp */ = {isa = PBXFileReference; lastKnownFileType = sourcecode.cpp.cpp; path = FOS.cpp; sourceTree = "<group>"; };
		C2BC66DF238FE5BF006BA6BF /* FOS.hpp */ = {isa = PBXFileReference; lastKnownFileType = sourcecode.cpp.h; path = FOS.hpp; sourceTree = "<group>"; };
		C2BC66E4238FF7DA006BA6BF /* GOM.cpp */ = {isa = PBXFileReference; lastKnownFileType = sourcecode.cpp.cpp; path = GOM.cpp; sourceTree = "<group>"; };
		C2BC66E5238FF7DA006BA6BF /* GOM.hpp */ = {isa = PBXFileReference; lastKnownFileType = sourcecode.cpp.h; path = GOM.hpp; sourceTree = "<group>"; };
		C2C0658523C4DDA30067B946 /* ARK3.cpp */ = {isa = PBXFileReference; lastKnownFileType = sourcecode.cpp.cpp; path = ARK3.cpp; sourceTree = "<group>"; };
		C2C0658623C4DDA30067B946 /* ARK3.hpp */ = {isa = PBXFileReference; lastKnownFileType = sourcecode.cpp.h; path = ARK3.hpp; sourceTree = "<group>"; };
		C2C0658E23C7893D0067B946 /* GOM_LS.cpp */ = {isa = PBXFileReference; lastKnownFileType = sourcecode.cpp.cpp; path = GOM_LS.cpp; sourceTree = "<group>"; };
		C2C0658F23C7893D0067B946 /* GOM_LS.hpp */ = {isa = PBXFileReference; lastKnownFileType = sourcecode.cpp.h; path = GOM_LS.hpp; sourceTree = "<group>"; };
		C2C0659123C8A3030067B946 /* LocalSearchStochastic.cpp */ = {isa = PBXFileReference; lastKnownFileType = sourcecode.cpp.cpp; path = LocalSearchStochastic.cpp; sourceTree = "<group>"; };
		C2C0659223C8A3030067B946 /* LocalSearchStochastic.hpp */ = {isa = PBXFileReference; lastKnownFileType = sourcecode.cpp.h; path = LocalSearchStochastic.hpp; sourceTree = "<group>"; };
		C2C0659423C8AA0B0067B946 /* LocalSearch.cpp */ = {isa = PBXFileReference; lastKnownFileType = sourcecode.cpp.cpp; path = LocalSearch.cpp; sourceTree = "<group>"; };
		C2C0659523C8AA0B0067B946 /* LocalSearch.hpp */ = {isa = PBXFileReference; lastKnownFileType = sourcecode.cpp.h; path = LocalSearch.hpp; sourceTree = "<group>"; };
		C2C57BB923C4BEA6008A5555 /* LocalSearchBase.cpp */ = {isa = PBXFileReference; lastKnownFileType = sourcecode.cpp.cpp; path = LocalSearchBase.cpp; sourceTree = "<group>"; };
		C2C57BBA23C4BEA6008A5555 /* LocalSearchBase.hpp */ = {isa = PBXFileReference; lastKnownFileType = sourcecode.cpp.h; path = LocalSearchBase.hpp; sourceTree = "<group>"; };
		C2C6518C23D9A081007B567A /* ARK6.cpp */ = {isa = PBXFileReference; lastKnownFileType = sourcecode.cpp.cpp; path = ARK6.cpp; sourceTree = "<group>"; };
		C2C6518D23D9A081007B567A /* ARK6.hpp */ = {isa = PBXFileReference; lastKnownFileType = sourcecode.cpp.h; path = ARK6.hpp; sourceTree = "<group>"; };
		C2E2734A23A1089D00D61D19 /* Trap.cpp */ = {isa = PBXFileReference; lastKnownFileType = sourcecode.cpp.cpp; path = Trap.cpp; sourceTree = "<group>"; };
		C2E2734B23A1089D00D61D19 /* Trap.hpp */ = {isa = PBXFileReference; lastKnownFileType = sourcecode.cpp.h; path = Trap.hpp; sourceTree = "<group>"; };
/* End PBXFileReference section */

/* Begin PBXFrameworksBuildPhase section */
		C2ABE4C823840C6700D6E774 /* Frameworks */ = {
			isa = PBXFrameworksBuildPhase;
			buildActionMask = 2147483647;
			files = (
			);
			runOnlyForDeploymentPostprocessing = 0;
		};
/* End PBXFrameworksBuildPhase section */

/* Begin PBXGroup section */
		C22246CD23CDFAB400EC93F8 /* ARK */ = {
			isa = PBXGroup;
			children = (
				C293D6E023A787AE001E0636 /* ARK.cpp */,
				C293D6E123A787AE001E0636 /* ARK.hpp */,
				C2B369D123BE2AED00E43633 /* ARK2.cpp */,
				C2B369D223BE2AED00E43633 /* ARK2.hpp */,
				C2B369D423BE2CC200E43633 /* ARK1.cpp */,
				C2B369D523BE2CC200E43633 /* ARK1.hpp */,
				C2C0658523C4DDA30067B946 /* ARK3.cpp */,
				C2C0658623C4DDA30067B946 /* ARK3.hpp */,
				C22246C423CC712000EC93F8 /* ARK4.cpp */,
				C22246C523CC712000EC93F8 /* ARK4.hpp */,
				C22246C723CDC41000EC93F8 /* ARK5.cpp */,
				C22246C823CDC41000EC93F8 /* ARK5.hpp */,
				C2C6518C23D9A081007B567A /* ARK6.cpp */,
				C2C6518D23D9A081007B567A /* ARK6.hpp */,
				C235FB8A23E1E5760046B0CE /* ARK7.cpp */,
				C235FB8B23E1E5760046B0CE /* ARK7.hpp */,
			);
			path = ARK;
			sourceTree = "<group>";
		};
		C2469EB423BE311E0030E4B0 /* Analysis */ = {
			isa = PBXGroup;
			children = (
				C2469EB523BE31450030E4B0 /* LocalSearchAnalysis.cpp */,
				C2469EB623BE31450030E4B0 /* LocalSearchAnalysis.hpp */,
				C2469EB823BE325E0030E4B0 /* GreedyAnalysis.cpp */,
				C2469EB923BE325E0030E4B0 /* GreedyAnalysis.hpp */,
			);
			path = Analysis;
			sourceTree = "<group>";
		};
		C25AFB8723EB7442004FEC24 /* MO */ = {
			isa = PBXGroup;
			children = (
				C25AFB8823EB7461004FEC24 /* CountingOnesMO.cpp */,
				C25AFB8923EB7461004FEC24 /* CountingOnesMO.hpp */,
				C25AFB8B23EB7543004FEC24 /* LOTZ.cpp */,
				C25AFB8C23EB7543004FEC24 /* LOTZ.hpp */,
				C25AFB8E23EB75A0004FEC24 /* ZeroMaxOneMax.cpp */,
				C2AC1A2624068B030054524C /* ZeroMaxOneMax.hpp */,
				C25AFB9123EB75EC004FEC24 /* SimpleMOProblem.cpp */,
				C25AFB9223EB75EC004FEC24 /* SimpleMOProblem.hpp */,
				C25AFB9423EC7FE6004FEC24 /* TrapInverseTrap.cpp */,
				C25AFB9523EC7FE6004FEC24 /* TrapInverseTrap.hpp */,
			);
			path = MO;
			sourceTree = "<group>";
		};
		C2ABE4C223840C6700D6E774 = {
			isa = PBXGroup;
			children = (
				C2ABE4CD23840C6700D6E774 /* GA */,
				C2ABE4CC23840C6700D6E774 /* Products */,
				C2BC66CF238EBA10006BA6BF /* Frameworks */,
			);
			sourceTree = "<group>";
		};
		C2ABE4CC23840C6700D6E774 /* Products */ = {
			isa = PBXGroup;
			children = (
				C2ABE4CB23840C6700D6E774 /* GA */,
			);
			name = Products;
			sourceTree = "<group>";
		};
		C2ABE4CD23840C6700D6E774 /* GA */ = {
			isa = PBXGroup;
			children = (
				C2B6B3BA23E82152003C60C8 /* NSGA-II */,
				C2469EB423BE311E0030E4B0 /* Analysis */,
				C2C42F7A23A11D1B00B83C3A /* Individual */,
				C2C42F7823A11CB600B83C3A /* Util */,
				C2C42F7723A11CA100B83C3A /* FOS */,
				C2C42F7623A11C8900B83C3A /* Selection */,
				C2C42F7523A11C7700B83C3A /* Variation */,
				C2C42F7423A11C5F00B83C3A /* GA */,
				C2C42F7323A11BD000B83C3A /* Fitness */,
				C2ABE4CE23840C6700D6E774 /* main.cpp */,
			);
			path = GA;
			sourceTree = "<group>";
		};
		C2B6B3BA23E82152003C60C8 /* NSGA-II */ = {
			isa = PBXGroup;
			children = (
				C2AC19C823F455630054524C /* #problemdef.c# */,
				C2AC19D023F455650054524C /* all_pop.out */,
				C2AC19D623F455650054524C /* best_pop.out */,
				C2AC19E123F455660054524C /* bisection_nsga_onemax.sh */,
				C2AC19C223F455630054524C /* check_nsga2_onemax.sh */,
				C2AC19E623F455670054524C /* final_pop.out */,
				C2AC19E223F455660054524C /* global.h */,
				C2AC19C123F455630054524C /* initial_pop.out */,
				C2AC19D523F455650054524C /* input_data */,
				C2AC19C923F455630054524C /* k_statistics.dat */,
				C2AC19D823F455660054524C /* Makefile */,
				C2AC19E023F455660054524C /* Notice */,
				C2AC19EC23F455670054524C /* nsga_onemax_statistics.dat */,
				C2AC19E323F455660054524C /* nsga2r */,
				C2AC19DB23F455660054524C /* nsga2r.cpp */,
				C2AC19F823F455680054524C /* output_valgrind.txt */,
				C2AC19BF23F455630054524C /* params.out */,
				C2AC19CE23F455650054524C /* rand.h */,
				C2AC19F123F455680054524C /* Readme */,
				C2AC19CD23F455640054524C /* results */,
				C2AC19BD23F455630054524C /* Revision */,
				C2AC19C623F455630054524C /* run_stat.sh */,
				C2AC19C523F455630054524C /* statistics.dat */,
			);
			path = "NSGA-II";
			sourceTree = "<group>";
		};
		C2BC66CF238EBA10006BA6BF /* Frameworks */ = {
			isa = PBXGroup;
			children = (
				C269FF212396B5C400B98092 /* libpython3.7m.a */,
				C267AC562396C3D3009A8DA9 /* libpython3.7m.a */,
				C269FF1B2396AE9100B98092 /* python3.7 */,
				C269FF192396ABAD00B98092 /* miniconda3 */,
				C2BC66DB238EC874006BA6BF /* python.app */,
				C2BC66D9238EC71B006BA6BF /* python3.7 */,
				C2BC66D7238EC556006BA6BF /* lib */,
				C2BC66D4238EC50D006BA6BF /* libpython.tbd */,
				C2BC66D2238EC4F7006BA6BF /* python3.7 */,
				C2BC66D0238EBA10006BA6BF /* Python.framework */,
			);
			name = Frameworks;
			sourceTree = "<group>";
		};
		C2C42F7323A11BD000B83C3A /* Fitness */ = {
			isa = PBXGroup;
			children = (
				C25AFB8723EB7442004FEC24 /* MO */,
				C22246CD23CDFAB400EC93F8 /* ARK */,
				C22246CA23CDDB0700EC93F8 /* NK.cpp */,
				C22246CB23CDDB0800EC93F8 /* NK.hpp */,
				C296F669239A66E300C36EBC /* ProblemType.cpp */,
				C296F66A239A66E300C36EBC /* ProblemType.hpp */,
				C2E2734A23A1089D00D61D19 /* Trap.cpp */,
				C2E2734B23A1089D00D61D19 /* Trap.hpp */,
				C2ABE4E1238410BE00D6E774 /* FitnessFunction.cpp */,
				C2ABE4E2238410BE00D6E774 /* FitnessFunction.hpp */,
			);
			path = Fitness;
			sourceTree = "<group>";
		};
		C2C42F7423A11C5F00B83C3A /* GA */ = {
			isa = PBXGroup;
			children = (
				C2ABE4EA2387EF9500D6E774 /* RoundSchedule.cpp */,
				C2ABE4EB2387EF9500D6E774 /* RoundSchedule.hpp */,
				C269FF132390090500B98092 /* SimpleGA.cpp */,
				C269FF142390090500B98092 /* SimpleGA.hpp */,
				C2ABE4E42384113A00D6E774 /* GA.cpp */,
				C2ABE4E52384113A00D6E774 /* GA.hpp */,
				C2BC66E4238FF7DA006BA6BF /* GOM.cpp */,
				C2BC66E5238FF7DA006BA6BF /* GOM.hpp */,
				C293D6E323A7AEE9001E0636 /* RandomSearch.cpp */,
				C293D6E423A7AEE9001E0636 /* RandomSearch.hpp */,
				C2C57BB923C4BEA6008A5555 /* LocalSearchBase.cpp */,
				C2C57BBA23C4BEA6008A5555 /* LocalSearchBase.hpp */,
				C2C0658E23C7893D0067B946 /* GOM_LS.cpp */,
				C2C0658F23C7893D0067B946 /* GOM_LS.hpp */,
				C2C0659123C8A3030067B946 /* LocalSearchStochastic.cpp */,
				C2C0659223C8A3030067B946 /* LocalSearchStochastic.hpp */,
				C2C0659423C8AA0B0067B946 /* LocalSearch.cpp */,
				C2C0659523C8AA0B0067B946 /* LocalSearch.hpp */,
				C2B6B46F23E83455003C60C8 /* NSGA_II.cpp */,
				C2B6B47023E83455003C60C8 /* NSGA_II.hpp */,
				C25AFB9723ED8AE0004FEC24 /* MO_LS.cpp */,
				C25AFB9823ED8AE0004FEC24 /* MO_LS.hpp */,
				C2AC1A232406837C0054524C /* MO_RS.cpp */,
				C2AC1A242406837C0054524C /* MO_RS.hpp */,
			);
			path = GA;
			sourceTree = "<group>";
		};
		C2C42F7523A11C7700B83C3A /* Variation */ = {
			isa = PBXGroup;
			children = (
				C2ABE4DE2384106F00D6E774 /* Variation.cpp */,
				C2ABE4DF2384106F00D6E774 /* Variation.hpp */,
			);
			path = Variation;
			sourceTree = "<group>";
		};
		C2C42F7623A11C8900B83C3A /* Selection */ = {
			isa = PBXGroup;
			children = (
				C2ABE4DB23840FC000D6E774 /* Selection.cpp */,
				C2ABE4DC23840FC000D6E774 /* Selection.hpp */,
			);
			path = Selection;
			sourceTree = "<group>";
		};
		C2C42F7723A11CA100B83C3A /* FOS */ = {
			isa = PBXGroup;
			children = (
				C296F66D239E714F00C36EBC /* LearnedLTFOS.cpp */,
				C296F66E239E715000C36EBC /* LearnedLTFOS.hpp */,
				C2BC66DE238FE5BF006BA6BF /* FOS.cpp */,
				C2BC66DF238FE5BF006BA6BF /* FOS.hpp */,
			);
			path = FOS;
			sourceTree = "<group>";
		};
		C2C42F7823A11CB600B83C3A /* Util */ = {
			isa = PBXGroup;
			children = (
				C2ABE4E7238441A300D6E774 /* Utility.cpp */,
				C2ABE4E8238441A300D6E774 /* Utility.hpp */,
				C293D6E623AA48D7001E0636 /* UniqueSolutions.cpp */,
				C293D6E723AA48D7001E0636 /* UniqueSolutions.hpp */,
			);
			path = Util;
			sourceTree = "<group>";
		};
		C2C42F7A23A11D1B00B83C3A /* Individual */ = {
			isa = PBXGroup;
			children = (
				C2ABE4D523840CEB00D6E774 /* Individual.cpp */,
				C2ABE4D623840CEB00D6E774 /* Individual.hpp */,
			);
			path = Individual;
			sourceTree = "<group>";
		};
/* End PBXGroup section */

/* Begin PBXNativeTarget section */
		C2ABE4CA23840C6700D6E774 /* GA */ = {
			isa = PBXNativeTarget;
			buildConfigurationList = C2ABE4D223840C6700D6E774 /* Build configuration list for PBXNativeTarget "GA" */;
			buildPhases = (
				C2ABE4C723840C6700D6E774 /* Sources */,
				C2ABE4C823840C6700D6E774 /* Frameworks */,
				C2ABE4C923840C6700D6E774 /* CopyFiles */,
				C296F66C239E6E1300C36EBC /* ShellScript */,
			);
			buildRules = (
			);
			dependencies = (
			);
			name = GA;
			productName = GA;
			productReference = C2ABE4CB23840C6700D6E774 /* GA */;
			productType = "com.apple.product-type.tool";
		};
/* End PBXNativeTarget section */

/* Begin PBXProject section */
		C2ABE4C323840C6700D6E774 /* Project object */ = {
			isa = PBXProject;
			attributes = {
				LastUpgradeCheck = 1030;
				ORGANIZATIONNAME = "Tom den Ottelander";
				TargetAttributes = {
					C2ABE4CA23840C6700D6E774 = {
						CreatedOnToolsVersion = 10.3;
					};
				};
			};
			buildConfigurationList = C2ABE4C623840C6700D6E774 /* Build configuration list for PBXProject "GA" */;
			compatibilityVersion = "Xcode 9.3";
			developmentRegion = en;
			hasScannedForEncodings = 0;
			knownRegions = (
				en,
			);
			mainGroup = C2ABE4C223840C6700D6E774;
			productRefGroup = C2ABE4CC23840C6700D6E774 /* Products */;
			projectDirPath = "";
			projectRoot = "";
			targets = (
				C2ABE4CA23840C6700D6E774 /* GA */,
			);
		};
/* End PBXProject section */

/* Begin PBXShellScriptBuildPhase section */
		C296F66C239E6E1300C36EBC /* ShellScript */ = {
			isa = PBXShellScriptBuildPhase;
			buildActionMask = 2147483647;
			files = (
			);
			inputFileListPaths = (
			);
			inputPaths = (
			);
			outputFileListPaths = (
			);
			outputPaths = (
			);
			runOnlyForDeploymentPostprocessing = 0;
			shellPath = /bin/sh;
			shellScript = "TAGS=\"TODO:|FIXME:\"\nERRORTAG=\"ERROR:\"\nfind \"${SRCROOT}\" \\( -name \"*.h\" -or -name \"*.m\" -or -name \"*.swift\" \\) -print0 | xargs -0 egrep --with-filename --line-number --only-matching \"($TAGS).*\\$|($ERRORTAG).*\\$\" | perl -p -e \"s/($TAGS)/ warning: \\$1/\" | perl -p -e \"s/($ERRORTAG)/ error: \\$1/\"\n";
		};
/* End PBXShellScriptBuildPhase section */

/* Begin PBXSourcesBuildPhase section */
		C2ABE4C723840C6700D6E774 /* Sources */ = {
			isa = PBXSourcesBuildPhase;
			buildActionMask = 2147483647;
			files = (
				C25AFB8D23EB7543004FEC24 /* LOTZ.cpp in Sources */,
				C22246C623CC712000EC93F8 /* ARK4.cpp in Sources */,
				C22246CC23CDDB0900EC93F8 /* NK.cpp in Sources */,
				C296F66F239E715100C36EBC /* LearnedLTFOS.cpp in Sources */,
				C235FB8C23E1E5760046B0CE /* ARK7.cpp in Sources */,
				C2AC1A0923F455690054524C /* Makefile in Sources */,
				C2C0658723C4DDA30067B946 /* ARK3.cpp in Sources */,
				C25AFB9623EC7FE6004FEC24 /* TrapInverseTrap.cpp in Sources */,
				C2ABE4E9238441A300D6E774 /* Utility.cpp in Sources */,
				C2BC66E6238FF7DA006BA6BF /* GOM.cpp in Sources */,
				C2ABE4D723840CEB00D6E774 /* Individual.cpp in Sources */,
				C25AFB9023EB75A0004FEC24 /* ZeroMaxOneMax.cpp in Sources */,
				C2C0659623C8AA0B0067B946 /* LocalSearch.cpp in Sources */,
				C2ABE4E62384113A00D6E774 /* GA.cpp in Sources */,
				C2C6518E23D9A081007B567A /* ARK6.cpp in Sources */,
				C2BC66E0238FE5BF006BA6BF /* FOS.cpp in Sources */,
				C2ABE4E3238410BE00D6E774 /* FitnessFunction.cpp in Sources */,
				C25AFB9323EB75ED004FEC24 /* SimpleMOProblem.cpp in Sources */,
				C2AC1A0C23F455690054524C /* nsga2r.cpp in Sources */,
				C2C57BBB23C4BEA6008A5555 /* LocalSearchBase.cpp in Sources */,
				C2ABE4CF23840C6700D6E774 /* main.cpp in Sources */,
				C293D6E523A7AEE9001E0636 /* RandomSearch.cpp in Sources */,
				C2AC1A252406837C0054524C /* MO_RS.cpp in Sources */,
				C2B369D323BE2AED00E43633 /* ARK2.cpp in Sources */,
				C2469EBA23BE325E0030E4B0 /* GreedyAnalysis.cpp in Sources */,
				C2E2734C23A1089D00D61D19 /* Trap.cpp in Sources */,
				C2C0659323C8A3030067B946 /* LocalSearchStochastic.cpp in Sources */,
				C2B369D623BE2CC200E43633 /* ARK1.cpp in Sources */,
				C293D6E223A787AE001E0636 /* ARK.cpp in Sources */,
				C2B6B47123E83455003C60C8 /* NSGA_II.cpp in Sources */,
				C2469EB723BE31450030E4B0 /* LocalSearchAnalysis.cpp in Sources */,
				C25AFB9923ED8AE0004FEC24 /* MO_LS.cpp in Sources */,
				C2C0659023C7893D0067B946 /* GOM_LS.cpp in Sources */,
				C296F66B239A66E300C36EBC /* ProblemType.cpp in Sources */,
				C25AFB8A23EB7461004FEC24 /* CountingOnesMO.cpp in Sources */,
				C269FF152390090500B98092 /* SimpleGA.cpp in Sources */,
				C2ABE4DD23840FC000D6E774 /* Selection.cpp in Sources */,
				C22246C923CDC41000EC93F8 /* ARK5.cpp in Sources */,
				C2ABE4E02384106F00D6E774 /* Variation.cpp in Sources */,
				C293D6E823AA48D7001E0636 /* UniqueSolutions.cpp in Sources */,
				C2ABE4EC2387EF9500D6E774 /* RoundSchedule.cpp in Sources */,
			);
			runOnlyForDeploymentPostprocessing = 0;
		};
/* End PBXSourcesBuildPhase section */

/* Begin XCBuildConfiguration section */
		C2ABE4D023840C6700D6E774 /* Debug */ = {
			isa = XCBuildConfiguration;
			buildSettings = {
				ALWAYS_SEARCH_USER_PATHS = NO;
				CLANG_ANALYZER_NONNULL = YES;
				CLANG_ANALYZER_NUMBER_OBJECT_CONVERSION = YES_AGGRESSIVE;
				CLANG_CXX_LANGUAGE_STANDARD = "gnu++14";
				CLANG_CXX_LIBRARY = "libc++";
				CLANG_ENABLE_MODULES = YES;
				CLANG_ENABLE_OBJC_ARC = YES;
				CLANG_ENABLE_OBJC_WEAK = YES;
				CLANG_WARN_BLOCK_CAPTURE_AUTORELEASING = YES;
				CLANG_WARN_BOOL_CONVERSION = NO;
				CLANG_WARN_COMMA = YES;
				CLANG_WARN_CONSTANT_CONVERSION = NO;
				CLANG_WARN_DEPRECATED_OBJC_IMPLEMENTATIONS = YES;
				CLANG_WARN_DIRECT_OBJC_ISA_USAGE = YES_ERROR;
				CLANG_WARN_DOCUMENTATION_COMMENTS = YES;
				CLANG_WARN_EMPTY_BODY = YES;
				CLANG_WARN_ENUM_CONVERSION = NO;
				CLANG_WARN_INFINITE_RECURSION = YES;
				CLANG_WARN_INT_CONVERSION = NO;
				CLANG_WARN_NON_LITERAL_NULL_CONVERSION = NO;
				CLANG_WARN_OBJC_IMPLICIT_RETAIN_SELF = YES;
				CLANG_WARN_OBJC_LITERAL_CONVERSION = YES;
				CLANG_WARN_OBJC_ROOT_CLASS = YES_ERROR;
				CLANG_WARN_RANGE_LOOP_ANALYSIS = YES;
				CLANG_WARN_STRICT_PROTOTYPES = YES;
				CLANG_WARN_SUSPICIOUS_MOVE = YES;
				CLANG_WARN_UNGUARDED_AVAILABILITY = YES_AGGRESSIVE;
				CLANG_WARN_UNREACHABLE_CODE = YES;
				CLANG_WARN__DUPLICATE_METHOD_MATCH = YES;
				CODE_SIGN_IDENTITY = "-";
				COPY_PHASE_STRIP = NO;
				DEBUG_INFORMATION_FORMAT = dwarf;
				ENABLE_STRICT_OBJC_MSGSEND = YES;
				ENABLE_TESTABILITY = YES;
				GCC_C_LANGUAGE_STANDARD = gnu11;
				GCC_DYNAMIC_NO_PIC = NO;
				GCC_NO_COMMON_BLOCKS = YES;
				GCC_OPTIMIZATION_LEVEL = 0;
				GCC_PREPROCESSOR_DEFINITIONS = (
					"DEBUG=1",
					"$(inherited)",
				);
				GCC_WARN_64_TO_32_BIT_CONVERSION = NO;
				GCC_WARN_ABOUT_RETURN_TYPE = YES_ERROR;
				GCC_WARN_TYPECHECK_CALLS_TO_PRINTF = NO;
				GCC_WARN_UNDECLARED_SELECTOR = YES;
				GCC_WARN_UNINITIALIZED_AUTOS = YES_AGGRESSIVE;
				GCC_WARN_UNUSED_FUNCTION = YES;
				GCC_WARN_UNUSED_VARIABLE = YES;
				HEADER_SEARCH_PATHS = /usr/local/include;
				MACOSX_DEPLOYMENT_TARGET = 10.14;
				MTL_ENABLE_DEBUG_INFO = INCLUDE_SOURCE;
				MTL_FAST_MATH = YES;
				ONLY_ACTIVE_ARCH = YES;
				OTHER_LDFLAGS = "-L/Users/tomdenottelander/miniconda3/lib/python3.7/config-3.7m-darwin";
				SDKROOT = macosx;
			};
			name = Debug;
		};
		C2ABE4D123840C6700D6E774 /* Release */ = {
			isa = XCBuildConfiguration;
			buildSettings = {
				ALWAYS_SEARCH_USER_PATHS = NO;
				CLANG_ANALYZER_NONNULL = YES;
				CLANG_ANALYZER_NUMBER_OBJECT_CONVERSION = YES_AGGRESSIVE;
				CLANG_CXX_LANGUAGE_STANDARD = "gnu++14";
				CLANG_CXX_LIBRARY = "libc++";
				CLANG_ENABLE_MODULES = YES;
				CLANG_ENABLE_OBJC_ARC = YES;
				CLANG_ENABLE_OBJC_WEAK = YES;
				CLANG_WARN_BLOCK_CAPTURE_AUTORELEASING = YES;
				CLANG_WARN_BOOL_CONVERSION = NO;
				CLANG_WARN_COMMA = YES;
				CLANG_WARN_CONSTANT_CONVERSION = NO;
				CLANG_WARN_DEPRECATED_OBJC_IMPLEMENTATIONS = YES;
				CLANG_WARN_DIRECT_OBJC_ISA_USAGE = YES_ERROR;
				CLANG_WARN_DOCUMENTATION_COMMENTS = YES;
				CLANG_WARN_EMPTY_BODY = YES;
				CLANG_WARN_ENUM_CONVERSION = NO;
				CLANG_WARN_INFINITE_RECURSION = YES;
				CLANG_WARN_INT_CONVERSION = NO;
				CLANG_WARN_NON_LITERAL_NULL_CONVERSION = NO;
				CLANG_WARN_OBJC_IMPLICIT_RETAIN_SELF = YES;
				CLANG_WARN_OBJC_LITERAL_CONVERSION = YES;
				CLANG_WARN_OBJC_ROOT_CLASS = YES_ERROR;
				CLANG_WARN_RANGE_LOOP_ANALYSIS = YES;
				CLANG_WARN_STRICT_PROTOTYPES = YES;
				CLANG_WARN_SUSPICIOUS_MOVE = YES;
				CLANG_WARN_UNGUARDED_AVAILABILITY = YES_AGGRESSIVE;
				CLANG_WARN_UNREACHABLE_CODE = YES;
				CLANG_WARN__DUPLICATE_METHOD_MATCH = YES;
				CODE_SIGN_IDENTITY = "-";
				COPY_PHASE_STRIP = NO;
				DEBUG_INFORMATION_FORMAT = "dwarf-with-dsym";
				ENABLE_NS_ASSERTIONS = NO;
				ENABLE_STRICT_OBJC_MSGSEND = YES;
				GCC_C_LANGUAGE_STANDARD = gnu11;
				GCC_NO_COMMON_BLOCKS = YES;
				GCC_WARN_64_TO_32_BIT_CONVERSION = NO;
				GCC_WARN_ABOUT_RETURN_TYPE = YES_ERROR;
				GCC_WARN_TYPECHECK_CALLS_TO_PRINTF = NO;
				GCC_WARN_UNDECLARED_SELECTOR = YES;
				GCC_WARN_UNINITIALIZED_AUTOS = YES_AGGRESSIVE;
				GCC_WARN_UNUSED_FUNCTION = YES;
				GCC_WARN_UNUSED_VARIABLE = YES;
				HEADER_SEARCH_PATHS = /usr/local/include;
				MACOSX_DEPLOYMENT_TARGET = 10.14;
				MTL_ENABLE_DEBUG_INFO = NO;
				MTL_FAST_MATH = YES;
				OTHER_LDFLAGS = "-L/Users/tomdenottelander/miniconda3/lib/python3.7/config-3.7m-darwin";
				SDKROOT = macosx;
			};
			name = Release;
		};
		C2ABE4D323840C6700D6E774 /* Debug */ = {
			isa = XCBuildConfiguration;
			buildSettings = {
				CODE_SIGN_STYLE = Automatic;
				HEADER_SEARCH_PATHS = /usr/local/include;
				LD_RUNPATH_SEARCH_PATHS = "";
				OTHER_CFLAGS = "";
				OTHER_LDFLAGS = "";
				PRELINK_LIBS = "";
				PRODUCT_NAME = "$(TARGET_NAME)";
			};
			name = Debug;
		};
		C2ABE4D423840C6700D6E774 /* Release */ = {
			isa = XCBuildConfiguration;
			buildSettings = {
				CODE_SIGN_STYLE = Automatic;
				HEADER_SEARCH_PATHS = /usr/local/include;
				LD_RUNPATH_SEARCH_PATHS = "";
				LIBRARY_SEARCH_PATHS = "";
				OTHER_CFLAGS = "";
				OTHER_LDFLAGS = "";
				PRODUCT_NAME = "$(TARGET_NAME)";
			};
			name = Release;
		};
/* End XCBuildConfiguration section */

/* Begin XCConfigurationList section */
		C2ABE4C623840C6700D6E774 /* Build configuration list for PBXProject "GA" */ = {
			isa = XCConfigurationList;
			buildConfigurations = (
				C2ABE4D023840C6700D6E774 /* Debug */,
				C2ABE4D123840C6700D6E774 /* Release */,
			);
			defaultConfigurationIsVisible = 0;
			defaultConfigurationName = Release;
		};
		C2ABE4D223840C6700D6E774 /* Build configuration list for PBXNativeTarget "GA" */ = {
			isa = XCConfigurationList;
			buildConfigurations = (
				C2ABE4D323840C6700D6E774 /* Debug */,
				C2ABE4D423840C6700D6E774 /* Release */,
			);
			defaultConfigurationIsVisible = 0;
			defaultConfigurationName = Release;
		};
/* End XCConfigurationList section */
	};
	rootObject = C2ABE4C323840C6700D6E774 /* Project object */;
}
