// !$*UTF8*$!
{
	archiveVersion = 1;
	classes = {
	};
	objectVersion = 50;
	objects = {

/* Begin PBXBuildFile section */
		C202623B2416B4C9005B21F5 /* Bench_CIFAR10.cpp in Sources */ = {isa = PBXBuildFile; fileRef = C202623A2416B4C9005B21F5 /* Bench_CIFAR10.cpp */; };
		C235FB8C23E1E5760046B0CE /* Bench_CIFAR100.cpp in Sources */ = {isa = PBXBuildFile; fileRef = C235FB8A23E1E5760046B0CE /* Bench_CIFAR100.cpp */; };
		C25AFB8D23EB7543004FEC24 /* LOTZ.cpp in Sources */ = {isa = PBXBuildFile; fileRef = C25AFB8B23EB7543004FEC24 /* LOTZ.cpp */; };
		C25AFB9023EB75A0004FEC24 /* ZeroMaxOneMax.cpp in Sources */ = {isa = PBXBuildFile; fileRef = C25AFB8E23EB75A0004FEC24 /* ZeroMaxOneMax.cpp */; };
		C25AFB9623EC7FE6004FEC24 /* TrapInverseTrap.cpp in Sources */ = {isa = PBXBuildFile; fileRef = C25AFB9423EC7FE6004FEC24 /* TrapInverseTrap.cpp */; };
		C293D6E823AA48D7001E0636 /* SolutionLibrary.cpp in Sources */ = {isa = PBXBuildFile; fileRef = C293D6E623AA48D7001E0636 /* SolutionLibrary.cpp */; };
		C296F66B239A66E300C36EBC /* ProblemType.cpp in Sources */ = {isa = PBXBuildFile; fileRef = C296F669239A66E300C36EBC /* ProblemType.cpp */; };
		C296F66F239E715100C36EBC /* LearnedLTFOS.cpp in Sources */ = {isa = PBXBuildFile; fileRef = C296F66D239E714F00C36EBC /* LearnedLTFOS.cpp */; };
		C2978DF5244EFC9A008B1DB7 /* Bench_CIFAR_base.cpp in Sources */ = {isa = PBXBuildFile; fileRef = C2978DF4244EFC9A008B1DB7 /* Bench_CIFAR_base.cpp */; };
		C2978E13244F0E45008B1DB7 /* GA.cpp in Sources */ = {isa = PBXBuildFile; fileRef = C2978DF9244F0E43008B1DB7 /* GA.cpp */; };
		C2978E14244F0E45008B1DB7 /* RoundSchedule.cpp in Sources */ = {isa = PBXBuildFile; fileRef = C2978DFA244F0E43008B1DB7 /* RoundSchedule.cpp */; };
		C2978E15244F0E45008B1DB7 /* RS.cpp in Sources */ = {isa = PBXBuildFile; fileRef = C2978DFC244F0E44008B1DB7 /* RS.cpp */; };
		C2978E16244F0E45008B1DB7 /* RandomSearch.cpp in Sources */ = {isa = PBXBuildFile; fileRef = C2978DFD244F0E44008B1DB7 /* RandomSearch.cpp */; };
		C2978E17244F0E45008B1DB7 /* LocalSearchStochastic.cpp in Sources */ = {isa = PBXBuildFile; fileRef = C2978DFE244F0E44008B1DB7 /* LocalSearchStochastic.cpp */; };
		C2978E18244F0E45008B1DB7 /* LocalSearch.cpp in Sources */ = {isa = PBXBuildFile; fileRef = C2978DFF244F0E44008B1DB7 /* LocalSearch.cpp */; };
		C2978E19244F0E45008B1DB7 /* GOMEA.cpp in Sources */ = {isa = PBXBuildFile; fileRef = C2978E00244F0E44008B1DB7 /* GOMEA.cpp */; };
		C2978E1A244F0E45008B1DB7 /* SimpleGA.cpp in Sources */ = {isa = PBXBuildFile; fileRef = C2978E07244F0E44008B1DB7 /* SimpleGA.cpp */; };
		C2978E1B244F0E45008B1DB7 /* LS.cpp in Sources */ = {isa = PBXBuildFile; fileRef = C2978E08244F0E44008B1DB7 /* LS.cpp */; };
		C2978E1C244F0E45008B1DB7 /* MO_GOMEA.cpp in Sources */ = {isa = PBXBuildFile; fileRef = C2978E0B244F0E44008B1DB7 /* MO_GOMEA.cpp */; };
		C2978E1D244F0E45008B1DB7 /* NSGA_II.cpp in Sources */ = {isa = PBXBuildFile; fileRef = C2978E0E244F0E45008B1DB7 /* NSGA_II.cpp */; };
		C2978E1F244F0E45008B1DB7 /* LocalSearchBase.cpp in Sources */ = {isa = PBXBuildFile; fileRef = C2978E12244F0E45008B1DB7 /* LocalSearchBase.cpp */; };
		C2978E22244F0E81008B1DB7 /* CIFAR_Largescale.cpp in Sources */ = {isa = PBXBuildFile; fileRef = C2978E21244F0E81008B1DB7 /* CIFAR_Largescale.cpp */; };
		C2ABE4CF23840C6700D6E774 /* main.cpp in Sources */ = {isa = PBXBuildFile; fileRef = C2ABE4CE23840C6700D6E774 /* main.cpp */; };
		C2ABE4D723840CEB00D6E774 /* Individual.cpp in Sources */ = {isa = PBXBuildFile; fileRef = C2ABE4D523840CEB00D6E774 /* Individual.cpp */; };
		C2ABE4DD23840FC000D6E774 /* Selection.cpp in Sources */ = {isa = PBXBuildFile; fileRef = C2ABE4DB23840FC000D6E774 /* Selection.cpp */; };
		C2ABE4E02384106F00D6E774 /* Variation.cpp in Sources */ = {isa = PBXBuildFile; fileRef = C2ABE4DE2384106F00D6E774 /* Variation.cpp */; };
		C2ABE4E3238410BE00D6E774 /* FitnessFunction.cpp in Sources */ = {isa = PBXBuildFile; fileRef = C2ABE4E1238410BE00D6E774 /* FitnessFunction.cpp */; };
		C2ABE4E9238441A300D6E774 /* Utility.cpp in Sources */ = {isa = PBXBuildFile; fileRef = C2ABE4E7238441A300D6E774 /* Utility.cpp */; };
		C2AFF54A240D783000152360 /* MAXCUT.cpp in Sources */ = {isa = PBXBuildFile; fileRef = C2AFF548240D783000152360 /* MAXCUT.cpp */; };
		C2BC66E0238FE5BF006BA6BF /* FOS.cpp in Sources */ = {isa = PBXBuildFile; fileRef = C2BC66DE238FE5BF006BA6BF /* FOS.cpp */; };
/* End PBXBuildFile section */

/* Begin PBXCopyFilesBuildPhase section */
		C2ABE4C923840C6700D6E774 /* CopyFiles */ = {
			isa = PBXCopyFilesBuildPhase;
			buildActionMask = 2147483647;
			dstPath = /usr/share/man/man1/;
			dstSubfolderSpec = 0;
			files = (
			);
			runOnlyForDeploymentPostprocessing = 1;
		};
/* End PBXCopyFilesBuildPhase section */

/* Begin PBXFileReference section */
		C20262392416B4C9005B21F5 /* Bench_CIFAR10.hpp */ = {isa = PBXFileReference; fileEncoding = 4; lastKnownFileType = sourcecode.cpp.h; path = Bench_CIFAR10.hpp; sourceTree = "<group>"; };
		C202623A2416B4C9005B21F5 /* Bench_CIFAR10.cpp */ = {isa = PBXFileReference; fileEncoding = 4; lastKnownFileType = sourcecode.cpp.cpp; path = Bench_CIFAR10.cpp; sourceTree = "<group>"; };
		C235FB8A23E1E5760046B0CE /* Bench_CIFAR100.cpp */ = {isa = PBXFileReference; lastKnownFileType = sourcecode.cpp.cpp; path = Bench_CIFAR100.cpp; sourceTree = "<group>"; };
		C24CF76E244F146300C2A381 /* Bench_CIFAR100.hpp */ = {isa = PBXFileReference; lastKnownFileType = sourcecode.cpp.h; path = Bench_CIFAR100.hpp; sourceTree = "<group>"; };
		C25AFB8B23EB7543004FEC24 /* LOTZ.cpp */ = {isa = PBXFileReference; lastKnownFileType = sourcecode.cpp.cpp; path = LOTZ.cpp; sourceTree = "<group>"; };
		C25AFB8C23EB7543004FEC24 /* LOTZ.hpp */ = {isa = PBXFileReference; lastKnownFileType = sourcecode.cpp.h; path = LOTZ.hpp; sourceTree = "<group>"; };
		C25AFB8E23EB75A0004FEC24 /* ZeroMaxOneMax.cpp */ = {isa = PBXFileReference; lastKnownFileType = sourcecode.cpp.cpp; path = ZeroMaxOneMax.cpp; sourceTree = "<group>"; };
		C25AFB9423EC7FE6004FEC24 /* TrapInverseTrap.cpp */ = {isa = PBXFileReference; lastKnownFileType = sourcecode.cpp.cpp; path = TrapInverseTrap.cpp; sourceTree = "<group>"; };
		C25AFB9523EC7FE6004FEC24 /* TrapInverseTrap.hpp */ = {isa = PBXFileReference; lastKnownFileType = sourcecode.cpp.h; path = TrapInverseTrap.hpp; sourceTree = "<group>"; };
		C267AC562396C3D3009A8DA9 /* libpython3.7m.a */ = {isa = PBXFileReference; lastKnownFileType = archive.ar; name = libpython3.7m.a; path = ../../../../../miniconda3/lib/libpython3.7m.a; sourceTree = "<group>"; };
		C269FF192396ABAD00B98092 /* miniconda3 */ = {isa = PBXFileReference; lastKnownFileType = folder; name = miniconda3; path = ../../../../../miniconda3; sourceTree = "<group>"; };
		C269FF1B2396AE9100B98092 /* python3.7 */ = {isa = PBXFileReference; lastKnownFileType = "compiled.mach-o.executable"; name = python3.7; path = ../../../../../miniconda3/bin/python3.7; sourceTree = "<group>"; };
		C269FF212396B5C400B98092 /* libpython3.7m.a */ = {isa = PBXFileReference; lastKnownFileType = archive.ar; name = libpython3.7m.a; path = ../../../../../miniconda3/envs/myenv/lib/libpython3.7m.a; sourceTree = "<group>"; };
		C293D6E623AA48D7001E0636 /* SolutionLibrary.cpp */ = {isa = PBXFileReference; lastKnownFileType = sourcecode.cpp.cpp; path = SolutionLibrary.cpp; sourceTree = "<group>"; };
		C293D6E723AA48D7001E0636 /* SolutionLibrary.hpp */ = {isa = PBXFileReference; lastKnownFileType = sourcecode.cpp.h; path = SolutionLibrary.hpp; sourceTree = "<group>"; };
		C296F669239A66E300C36EBC /* ProblemType.cpp */ = {isa = PBXFileReference; lastKnownFileType = sourcecode.cpp.cpp; path = ProblemType.cpp; sourceTree = "<group>"; };
		C296F66A239A66E300C36EBC /* ProblemType.hpp */ = {isa = PBXFileReference; lastKnownFileType = sourcecode.cpp.h; path = ProblemType.hpp; sourceTree = "<group>"; };
		C296F66D239E714F00C36EBC /* LearnedLTFOS.cpp */ = {isa = PBXFileReference; lastKnownFileType = sourcecode.cpp.cpp; path = LearnedLTFOS.cpp; sourceTree = "<group>"; };
		C296F66E239E715000C36EBC /* LearnedLTFOS.hpp */ = {isa = PBXFileReference; lastKnownFileType = sourcecode.cpp.h; path = LearnedLTFOS.hpp; sourceTree = "<group>"; };
		C2978DF3244EFC9A008B1DB7 /* Bench_CIFAR_base.hpp */ = {isa = PBXFileReference; fileEncoding = 4; lastKnownFileType = sourcecode.cpp.h; path = Bench_CIFAR_base.hpp; sourceTree = "<group>"; };
		C2978DF4244EFC9A008B1DB7 /* Bench_CIFAR_base.cpp */ = {isa = PBXFileReference; fileEncoding = 4; lastKnownFileType = sourcecode.cpp.cpp; path = Bench_CIFAR_base.cpp; sourceTree = "<group>"; };
		C2978DF9244F0E43008B1DB7 /* GA.cpp */ = {isa = PBXFileReference; fileEncoding = 4; lastKnownFileType = sourcecode.cpp.cpp; path = GA.cpp; sourceTree = "<group>"; };
		C2978DFA244F0E43008B1DB7 /* RoundSchedule.cpp */ = {isa = PBXFileReference; fileEncoding = 4; lastKnownFileType = sourcecode.cpp.cpp; path = RoundSchedule.cpp; sourceTree = "<group>"; };
		C2978DFB244F0E44008B1DB7 /* RandomSearch.hpp */ = {isa = PBXFileReference; fileEncoding = 4; lastKnownFileType = sourcecode.cpp.h; path = RandomSearch.hpp; sourceTree = "<group>"; };
		C2978DFC244F0E44008B1DB7 /* RS.cpp */ = {isa = PBXFileReference; fileEncoding = 4; lastKnownFileType = sourcecode.cpp.cpp; path = RS.cpp; sourceTree = "<group>"; };
		C2978DFD244F0E44008B1DB7 /* RandomSearch.cpp */ = {isa = PBXFileReference; fileEncoding = 4; lastKnownFileType = sourcecode.cpp.cpp; path = RandomSearch.cpp; sourceTree = "<group>"; };
		C2978DFE244F0E44008B1DB7 /* LocalSearchStochastic.cpp */ = {isa = PBXFileReference; fileEncoding = 4; lastKnownFileType = sourcecode.cpp.cpp; path = LocalSearchStochastic.cpp; sourceTree = "<group>"; };
		C2978DFF244F0E44008B1DB7 /* LocalSearch.cpp */ = {isa = PBXFileReference; fileEncoding = 4; lastKnownFileType = sourcecode.cpp.cpp; path = LocalSearch.cpp; sourceTree = "<group>"; };
		C2978E00244F0E44008B1DB7 /* GOMEA.cpp */ = {isa = PBXFileReference; fileEncoding = 4; lastKnownFileType = sourcecode.cpp.cpp; path = GOMEA.cpp; sourceTree = "<group>"; };
		C2978E01244F0E44008B1DB7 /* RS.hpp */ = {isa = PBXFileReference; fileEncoding = 4; lastKnownFileType = sourcecode.cpp.h; path = RS.hpp; sourceTree = "<group>"; };
		C2978E02244F0E44008B1DB7 /* NSGA_II.hpp */ = {isa = PBXFileReference; fileEncoding = 4; lastKnownFileType = sourcecode.cpp.h; path = NSGA_II.hpp; sourceTree = "<group>"; };
		C2978E04244F0E44008B1DB7 /* LS.hpp */ = {isa = PBXFileReference; fileEncoding = 4; lastKnownFileType = sourcecode.cpp.h; path = LS.hpp; sourceTree = "<group>"; };
		C2978E05244F0E44008B1DB7 /* GA.hpp */ = {isa = PBXFileReference; fileEncoding = 4; lastKnownFileType = sourcecode.cpp.h; path = GA.hpp; sourceTree = "<group>"; };
		C2978E06244F0E44008B1DB7 /* LocalSearch.hpp */ = {isa = PBXFileReference; fileEncoding = 4; lastKnownFileType = sourcecode.cpp.h; path = LocalSearch.hpp; sourceTree = "<group>"; };
		C2978E07244F0E44008B1DB7 /* SimpleGA.cpp */ = {isa = PBXFileReference; fileEncoding = 4; lastKnownFileType = sourcecode.cpp.cpp; path = SimpleGA.cpp; sourceTree = "<group>"; };
		C2978E08244F0E44008B1DB7 /* LS.cpp */ = {isa = PBXFileReference; fileEncoding = 4; lastKnownFileType = sourcecode.cpp.cpp; path = LS.cpp; sourceTree = "<group>"; };
		C2978E09244F0E44008B1DB7 /* RoundSchedule.hpp */ = {isa = PBXFileReference; fileEncoding = 4; lastKnownFileType = sourcecode.cpp.h; path = RoundSchedule.hpp; sourceTree = "<group>"; };
		C2978E0A244F0E44008B1DB7 /* LocalSearchStochastic.hpp */ = {isa = PBXFileReference; fileEncoding = 4; lastKnownFileType = sourcecode.cpp.h; path = LocalSearchStochastic.hpp; sourceTree = "<group>"; };
		C2978E0B244F0E44008B1DB7 /* MO_GOMEA.cpp */ = {isa = PBXFileReference; fileEncoding = 4; lastKnownFileType = sourcecode.cpp.cpp; path = MO_GOMEA.cpp; sourceTree = "<group>"; };
		C2978E0C244F0E44008B1DB7 /* GOMEA.hpp */ = {isa = PBXFileReference; fileEncoding = 4; lastKnownFileType = sourcecode.cpp.h; path = GOMEA.hpp; sourceTree = "<group>"; };
		C2978E0D244F0E45008B1DB7 /* LocalSearchBase.hpp */ = {isa = PBXFileReference; fileEncoding = 4; lastKnownFileType = sourcecode.cpp.h; path = LocalSearchBase.hpp; sourceTree = "<group>"; };
		C2978E0E244F0E45008B1DB7 /* NSGA_II.cpp */ = {isa = PBXFileReference; fileEncoding = 4; lastKnownFileType = sourcecode.cpp.cpp; path = NSGA_II.cpp; sourceTree = "<group>"; };
		C2978E0F244F0E45008B1DB7 /* SimpleGA.hpp */ = {isa = PBXFileReference; fileEncoding = 4; lastKnownFileType = sourcecode.cpp.h; path = SimpleGA.hpp; sourceTree = "<group>"; };
		C2978E10244F0E45008B1DB7 /* MO_GOMEA.hpp */ = {isa = PBXFileReference; fileEncoding = 4; lastKnownFileType = sourcecode.cpp.h; path = MO_GOMEA.hpp; sourceTree = "<group>"; };
		C2978E12244F0E45008B1DB7 /* LocalSearchBase.cpp */ = {isa = PBXFileReference; fileEncoding = 4; lastKnownFileType = sourcecode.cpp.cpp; path = LocalSearchBase.cpp; sourceTree = "<group>"; };
		C2978E20244F0E81008B1DB7 /* CIFAR_Largescale.hpp */ = {isa = PBXFileReference; fileEncoding = 4; lastKnownFileType = sourcecode.cpp.h; path = CIFAR_Largescale.hpp; sourceTree = "<group>"; };
		C2978E21244F0E81008B1DB7 /* CIFAR_Largescale.cpp */ = {isa = PBXFileReference; fileEncoding = 4; lastKnownFileType = sourcecode.cpp.cpp; path = CIFAR_Largescale.cpp; sourceTree = "<group>"; };
		C2ABE4CB23840C6700D6E774 /* GA */ = {isa = PBXFileReference; explicitFileType = "compiled.mach-o.executable"; includeInIndex = 0; path = GA; sourceTree = BUILT_PRODUCTS_DIR; };
		C2ABE4CE23840C6700D6E774 /* main.cpp */ = {isa = PBXFileReference; lastKnownFileType = sourcecode.cpp.cpp; path = main.cpp; sourceTree = "<group>"; };
		C2ABE4D523840CEB00D6E774 /* Individual.cpp */ = {isa = PBXFileReference; lastKnownFileType = sourcecode.cpp.cpp; path = Individual.cpp; sourceTree = "<group>"; };
		C2ABE4D623840CEB00D6E774 /* Individual.hpp */ = {isa = PBXFileReference; lastKnownFileType = sourcecode.cpp.h; path = Individual.hpp; sourceTree = "<group>"; };
		C2ABE4DB23840FC000D6E774 /* Selection.cpp */ = {isa = PBXFileReference; lastKnownFileType = sourcecode.cpp.cpp; path = Selection.cpp; sourceTree = "<group>"; };
		C2ABE4DC23840FC000D6E774 /* Selection.hpp */ = {isa = PBXFileReference; lastKnownFileType = sourcecode.cpp.h; path = Selection.hpp; sourceTree = "<group>"; };
		C2ABE4DE2384106F00D6E774 /* Variation.cpp */ = {isa = PBXFileReference; lastKnownFileType = sourcecode.cpp.cpp; path = Variation.cpp; sourceTree = "<group>"; };
		C2ABE4DF2384106F00D6E774 /* Variation.hpp */ = {isa = PBXFileReference; lastKnownFileType = sourcecode.cpp.h; path = Variation.hpp; sourceTree = "<group>"; };
		C2ABE4E1238410BE00D6E774 /* FitnessFunction.cpp */ = {isa = PBXFileReference; lastKnownFileType = sourcecode.cpp.cpp; path = FitnessFunction.cpp; sourceTree = "<group>"; };
		C2ABE4E2238410BE00D6E774 /* FitnessFunction.hpp */ = {isa = PBXFileReference; lastKnownFileType = sourcecode.cpp.h; path = FitnessFunction.hpp; sourceTree = "<group>"; };
		C2ABE4E7238441A300D6E774 /* Utility.cpp */ = {isa = PBXFileReference; lastKnownFileType = sourcecode.cpp.cpp; path = Utility.cpp; sourceTree = "<group>"; };
		C2ABE4E8238441A300D6E774 /* Utility.hpp */ = {isa = PBXFileReference; lastKnownFileType = sourcecode.cpp.h; path = Utility.hpp; sourceTree = "<group>"; };
		C2AC1A2624068B030054524C /* ZeroMaxOneMax.hpp */ = {isa = PBXFileReference; lastKnownFileType = sourcecode.cpp.h; path = ZeroMaxOneMax.hpp; sourceTree = "<group>"; };
		C2AFF548240D783000152360 /* MAXCUT.cpp */ = {isa = PBXFileReference; lastKnownFileType = sourcecode.cpp.cpp; path = MAXCUT.cpp; sourceTree = "<group>"; };
		C2AFF549240D783000152360 /* MAXCUT.hpp */ = {isa = PBXFileReference; lastKnownFileType = sourcecode.cpp.h; path = MAXCUT.hpp; sourceTree = "<group>"; };
		C2BC66D0238EBA10006BA6BF /* Python.framework */ = {isa = PBXFileReference; lastKnownFileType = wrapper.framework; name = Python.framework; path = System/Library/Frameworks/Python.framework; sourceTree = SDKROOT; };
		C2BC66D2238EC4F7006BA6BF /* python3.7 */ = {isa = PBXFileReference; lastKnownFileType = folder; name = python3.7; path = ../../../../../miniconda3/envs/myenv/lib/python3.7; sourceTree = "<group>"; };
		C2BC66D4238EC50D006BA6BF /* libpython.tbd */ = {isa = PBXFileReference; lastKnownFileType = "sourcecode.text-based-dylib-definition"; name = libpython.tbd; path = usr/lib/libpython.tbd; sourceTree = SDKROOT; };
		C2BC66D7238EC556006BA6BF /* lib */ = {isa = PBXFileReference; lastKnownFileType = folder; name = lib; path = ../../../../../miniconda3/envs/myenv/lib; sourceTree = "<group>"; };
		C2BC66D9238EC71B006BA6BF /* python3.7 */ = {isa = PBXFileReference; lastKnownFileType = "compiled.mach-o.executable"; name = python3.7; path = ../../../../../miniconda3/envs/myenv/bin/python3.7; sourceTree = "<group>"; };
		C2BC66DB238EC874006BA6BF /* python.app */ = {isa = PBXFileReference; lastKnownFileType = wrapper.application; name = python.app; path = ../../../../../miniconda3/python.app; sourceTree = "<group>"; };
		C2BC66DE238FE5BF006BA6BF /* FOS.cpp */ = {isa = PBXFileReference; lastKnownFileType = sourcecode.cpp.cpp; path = FOS.cpp; sourceTree = "<group>"; };
		C2BC66DF238FE5BF006BA6BF /* FOS.hpp */ = {isa = PBXFileReference; lastKnownFileType = sourcecode.cpp.h; path = FOS.hpp; sourceTree = "<group>"; };
/* End PBXFileReference section */

/* Begin PBXFrameworksBuildPhase section */
		C2ABE4C823840C6700D6E774 /* Frameworks */ = {
			isa = PBXFrameworksBuildPhase;
			buildActionMask = 2147483647;
			files = (
			);
			runOnlyForDeploymentPostprocessing = 0;
		};
/* End PBXFrameworksBuildPhase section */

/* Begin PBXGroup section */
		C22246CD23CDFAB400EC93F8 /* CIFAR */ = {
			isa = PBXGroup;
			children = (
				C2978E21244F0E81008B1DB7 /* CIFAR_Largescale.cpp */,
				C2978E20244F0E81008B1DB7 /* CIFAR_Largescale.hpp */,
				C2978DF4244EFC9A008B1DB7 /* Bench_CIFAR_base.cpp */,
				C2978DF3244EFC9A008B1DB7 /* Bench_CIFAR_base.hpp */,
				C202623A2416B4C9005B21F5 /* Bench_CIFAR10.cpp */,
				C20262392416B4C9005B21F5 /* Bench_CIFAR10.hpp */,
				C235FB8A23E1E5760046B0CE /* Bench_CIFAR100.cpp */,
				C24CF76E244F146300C2A381 /* Bench_CIFAR100.hpp */,
			);
			path = CIFAR;
			sourceTree = "<group>";
		};
		C24CF76F244F300300C2A381 /* SO */ = {
			isa = PBXGroup;
			children = (
				C2978E07244F0E44008B1DB7 /* SimpleGA.cpp */,
				C2978E0F244F0E45008B1DB7 /* SimpleGA.hpp */,
				C2978DFD244F0E44008B1DB7 /* RandomSearch.cpp */,
				C2978DFB244F0E44008B1DB7 /* RandomSearch.hpp */,
				C2978E00244F0E44008B1DB7 /* GOMEA.cpp */,
				C2978E0C244F0E44008B1DB7 /* GOMEA.hpp */,
				C2978DFF244F0E44008B1DB7 /* LocalSearch.cpp */,
				C2978E06244F0E44008B1DB7 /* LocalSearch.hpp */,
				C2978E12244F0E45008B1DB7 /* LocalSearchBase.cpp */,
				C2978E0D244F0E45008B1DB7 /* LocalSearchBase.hpp */,
				C2978DFE244F0E44008B1DB7 /* LocalSearchStochastic.cpp */,
				C2978E0A244F0E44008B1DB7 /* LocalSearchStochastic.hpp */,
			);
			path = SO;
			sourceTree = "<group>";
		};
		C24CF770244F303700C2A381 /* MO */ = {
			isa = PBXGroup;
			children = (
				C2978E0B244F0E44008B1DB7 /* MO_GOMEA.cpp */,
				C2978E10244F0E45008B1DB7 /* MO_GOMEA.hpp */,
				C2978E08244F0E44008B1DB7 /* LS.cpp */,
				C2978E04244F0E44008B1DB7 /* LS.hpp */,
				C2978DFC244F0E44008B1DB7 /* RS.cpp */,
				C2978E01244F0E44008B1DB7 /* RS.hpp */,
				C2978E0E244F0E45008B1DB7 /* NSGA_II.cpp */,
				C2978E02244F0E44008B1DB7 /* NSGA_II.hpp */,
			);
			path = MO;
			sourceTree = "<group>";
		};
		C25AFB8723EB7442004FEC24 /* ToyProblems */ = {
			isa = PBXGroup;
			children = (
				C25AFB8B23EB7543004FEC24 /* LOTZ.cpp */,
				C25AFB8C23EB7543004FEC24 /* LOTZ.hpp */,
				C25AFB8E23EB75A0004FEC24 /* ZeroMaxOneMax.cpp */,
				C2AC1A2624068B030054524C /* ZeroMaxOneMax.hpp */,
				C25AFB9423EC7FE6004FEC24 /* TrapInverseTrap.cpp */,
				C25AFB9523EC7FE6004FEC24 /* TrapInverseTrap.hpp */,
				C2AFF548240D783000152360 /* MAXCUT.cpp */,
				C2AFF549240D783000152360 /* MAXCUT.hpp */,
			);
			path = ToyProblems;
			sourceTree = "<group>";
		};
		C2978DF8244F0E26008B1DB7 /* SearchAlgorithms */ = {
			isa = PBXGroup;
			children = (
				C24CF770244F303700C2A381 /* MO */,
				C24CF76F244F300300C2A381 /* SO */,
				C2978DF9244F0E43008B1DB7 /* GA.cpp */,
				C2978E05244F0E44008B1DB7 /* GA.hpp */,
				C2978DFA244F0E43008B1DB7 /* RoundSchedule.cpp */,
				C2978E09244F0E44008B1DB7 /* RoundSchedule.hpp */,
			);
			path = SearchAlgorithms;
			sourceTree = "<group>";
		};
		C2ABE4C223840C6700D6E774 = {
			isa = PBXGroup;
			children = (
				C2ABE4CD23840C6700D6E774 /* src */,
				C2ABE4CC23840C6700D6E774 /* Products */,
				C2BC66CF238EBA10006BA6BF /* Frameworks */,
			);
			sourceTree = "<group>";
		};
		C2ABE4CC23840C6700D6E774 /* Products */ = {
			isa = PBXGroup;
			children = (
				C2ABE4CB23840C6700D6E774 /* GA */,
			);
			name = Products;
			sourceTree = "<group>";
		};
		C2ABE4CD23840C6700D6E774 /* src */ = {
			isa = PBXGroup;
			children = (
				C2978DF8244F0E26008B1DB7 /* SearchAlgorithms */,
				C2C42F7A23A11D1B00B83C3A /* Individual */,
				C2C42F7823A11CB600B83C3A /* Util */,
				C2C42F7723A11CA100B83C3A /* FOS */,
				C2C42F7623A11C8900B83C3A /* Selection */,
				C2C42F7523A11C7700B83C3A /* Variation */,
				C2C42F7323A11BD000B83C3A /* FitnessFunction */,
				C2ABE4CE23840C6700D6E774 /* main.cpp */,
			);
			path = src;
			sourceTree = "<group>";
		};
		C2BC66CF238EBA10006BA6BF /* Frameworks */ = {
			isa = PBXGroup;
			children = (
				C269FF212396B5C400B98092 /* libpython3.7m.a */,
				C267AC562396C3D3009A8DA9 /* libpython3.7m.a */,
				C269FF1B2396AE9100B98092 /* python3.7 */,
				C269FF192396ABAD00B98092 /* miniconda3 */,
				C2BC66DB238EC874006BA6BF /* python.app */,
				C2BC66D9238EC71B006BA6BF /* python3.7 */,
				C2BC66D7238EC556006BA6BF /* lib */,
				C2BC66D4238EC50D006BA6BF /* libpython.tbd */,
				C2BC66D2238EC4F7006BA6BF /* python3.7 */,
				C2BC66D0238EBA10006BA6BF /* Python.framework */,
			);
			name = Frameworks;
			sourceTree = "<group>";
		};
		C2C42F7323A11BD000B83C3A /* FitnessFunction */ = {
			isa = PBXGroup;
			children = (
				C25AFB8723EB7442004FEC24 /* ToyProblems */,
				C22246CD23CDFAB400EC93F8 /* CIFAR */,
				C296F669239A66E300C36EBC /* ProblemType.cpp */,
				C296F66A239A66E300C36EBC /* ProblemType.hpp */,
				C2ABE4E1238410BE00D6E774 /* FitnessFunction.cpp */,
				C2ABE4E2238410BE00D6E774 /* FitnessFunction.hpp */,
			);
			path = FitnessFunction;
			sourceTree = "<group>";
		};
		C2C42F7523A11C7700B83C3A /* Variation */ = {
			isa = PBXGroup;
			children = (
				C2ABE4DE2384106F00D6E774 /* Variation.cpp */,
				C2ABE4DF2384106F00D6E774 /* Variation.hpp */,
			);
			path = Variation;
			sourceTree = "<group>";
		};
		C2C42F7623A11C8900B83C3A /* Selection */ = {
			isa = PBXGroup;
			children = (
				C2ABE4DB23840FC000D6E774 /* Selection.cpp */,
				C2ABE4DC23840FC000D6E774 /* Selection.hpp */,
			);
			path = Selection;
			sourceTree = "<group>";
		};
		C2C42F7723A11CA100B83C3A /* FOS */ = {
			isa = PBXGroup;
			children = (
				C296F66D239E714F00C36EBC /* LearnedLTFOS.cpp */,
				C296F66E239E715000C36EBC /* LearnedLTFOS.hpp */,
				C2BC66DE238FE5BF006BA6BF /* FOS.cpp */,
				C2BC66DF238FE5BF006BA6BF /* FOS.hpp */,
			);
			path = FOS;
			sourceTree = "<group>";
		};
		C2C42F7823A11CB600B83C3A /* Util */ = {
			isa = PBXGroup;
			children = (
				C2ABE4E7238441A300D6E774 /* Utility.cpp */,
				C2ABE4E8238441A300D6E774 /* Utility.hpp */,
				C293D6E623AA48D7001E0636 /* SolutionLibrary.cpp */,
				C293D6E723AA48D7001E0636 /* SolutionLibrary.hpp */,
			);
			path = Util;
			sourceTree = "<group>";
		};
		C2C42F7A23A11D1B00B83C3A /* Individual */ = {
			isa = PBXGroup;
			children = (
				C2ABE4D523840CEB00D6E774 /* Individual.cpp */,
				C2ABE4D623840CEB00D6E774 /* Individual.hpp */,
			);
			path = Individual;
			sourceTree = "<group>";
		};
/* End PBXGroup section */

/* Begin PBXNativeTarget section */
		C2ABE4CA23840C6700D6E774 /* GA */ = {
			isa = PBXNativeTarget;
			buildConfigurationList = C2ABE4D223840C6700D6E774 /* Build configuration list for PBXNativeTarget "GA" */;
			buildPhases = (
				C2ABE4C723840C6700D6E774 /* Sources */,
				C2ABE4C823840C6700D6E774 /* Frameworks */,
				C2ABE4C923840C6700D6E774 /* CopyFiles */,
				C296F66C239E6E1300C36EBC /* ShellScript */,
			);
			buildRules = (
			);
			dependencies = (
			);
			name = GA;
			productName = GA;
			productReference = C2ABE4CB23840C6700D6E774 /* GA */;
			productType = "com.apple.product-type.tool";
		};
/* End PBXNativeTarget section */

/* Begin PBXProject section */
		C2ABE4C323840C6700D6E774 /* Project object */ = {
			isa = PBXProject;
			attributes = {
				LastUpgradeCheck = 1030;
				ORGANIZATIONNAME = "Tom den Ottelander";
				TargetAttributes = {
					C2ABE4CA23840C6700D6E774 = {
						CreatedOnToolsVersion = 10.3;
					};
				};
			};
			buildConfigurationList = C2ABE4C623840C6700D6E774 /* Build configuration list for PBXProject "GA" */;
			compatibilityVersion = "Xcode 9.3";
			developmentRegion = en;
			hasScannedForEncodings = 0;
			knownRegions = (
				en,
			);
			mainGroup = C2ABE4C223840C6700D6E774;
			productRefGroup = C2ABE4CC23840C6700D6E774 /* Products */;
			projectDirPath = "";
			projectRoot = "";
			targets = (
				C2ABE4CA23840C6700D6E774 /* GA */,
			);
		};
/* End PBXProject section */

/* Begin PBXShellScriptBuildPhase section */
		C296F66C239E6E1300C36EBC /* ShellScript */ = {
			isa = PBXShellScriptBuildPhase;
			buildActionMask = 2147483647;
			files = (
			);
			inputFileListPaths = (
			);
			inputPaths = (
			);
			outputFileListPaths = (
			);
			outputPaths = (
			);
			runOnlyForDeploymentPostprocessing = 0;
			shellPath = /bin/sh;
			shellScript = "TAGS=\"TODO:|FIXME:\"\nERRORTAG=\"ERROR:\"\nfind \"${SRCROOT}\" \\( -name \"*.h\" -or -name \"*.m\" -or -name \"*.swift\" \\) -print0 | xargs -0 egrep --with-filename --line-number --only-matching \"($TAGS).*\\$|($ERRORTAG).*\\$\" | perl -p -e \"s/($TAGS)/ warning: \\$1/\" | perl -p -e \"s/($ERRORTAG)/ error: \\$1/\"\n";
		};
/* End PBXShellScriptBuildPhase section */

/* Begin PBXSourcesBuildPhase section */
		C2ABE4C723840C6700D6E774 /* Sources */ = {
			isa = PBXSourcesBuildPhase;
			buildActionMask = 2147483647;
			files = (
				C2978E1D244F0E45008B1DB7 /* NSGA_II.cpp in Sources */,
				C25AFB8D23EB7543004FEC24 /* LOTZ.cpp in Sources */,
				C2978E1A244F0E45008B1DB7 /* SimpleGA.cpp in Sources */,
				C296F66F239E715100C36EBC /* LearnedLTFOS.cpp in Sources */,
				C235FB8C23E1E5760046B0CE /* Bench_CIFAR100.cpp in Sources */,
				C25AFB9623EC7FE6004FEC24 /* TrapInverseTrap.cpp in Sources */,
				C2978E16244F0E45008B1DB7 /* RandomSearch.cpp in Sources */,
				C2ABE4E9238441A300D6E774 /* Utility.cpp in Sources */,
				C2ABE4D723840CEB00D6E774 /* Individual.cpp in Sources */,
				C2978DF5244EFC9A008B1DB7 /* Bench_CIFAR_base.cpp in Sources */,
				C2978E15244F0E45008B1DB7 /* RS.cpp in Sources */,
				C25AFB9023EB75A0004FEC24 /* ZeroMaxOneMax.cpp in Sources */,
				C2BC66E0238FE5BF006BA6BF /* FOS.cpp in Sources */,
				C2978E13244F0E45008B1DB7 /* GA.cpp in Sources */,
				C202623B2416B4C9005B21F5 /* Bench_CIFAR10.cpp in Sources */,
				C2ABE4E3238410BE00D6E774 /* FitnessFunction.cpp in Sources */,
				C2ABE4CF23840C6700D6E774 /* main.cpp in Sources */,
				C2978E1B244F0E45008B1DB7 /* LS.cpp in Sources */,
				C2AFF54A240D783000152360 /* MAXCUT.cpp in Sources */,
				C2978E18244F0E45008B1DB7 /* LocalSearch.cpp in Sources */,
				C2978E17244F0E45008B1DB7 /* LocalSearchStochastic.cpp in Sources */,
				C2978E1C244F0E45008B1DB7 /* MO_GOMEA.cpp in Sources */,
				C2978E14244F0E45008B1DB7 /* RoundSchedule.cpp in Sources */,
				C296F66B239A66E300C36EBC /* ProblemType.cpp in Sources */,
				C2ABE4DD23840FC000D6E774 /* Selection.cpp in Sources */,
				C2ABE4E02384106F00D6E774 /* Variation.cpp in Sources */,
				C2978E22244F0E81008B1DB7 /* CIFAR_Largescale.cpp in Sources */,
				C2978E19244F0E45008B1DB7 /* GOMEA.cpp in Sources */,
				C2978E1F244F0E45008B1DB7 /* LocalSearchBase.cpp in Sources */,
				C293D6E823AA48D7001E0636 /* SolutionLibrary.cpp in Sources */,
			);
			runOnlyForDeploymentPostprocessing = 0;
		};
/* End PBXSourcesBuildPhase section */

/* Begin XCBuildConfiguration section */
		C2ABE4D023840C6700D6E774 /* Debug */ = {
			isa = XCBuildConfiguration;
			buildSettings = {
				ALWAYS_SEARCH_USER_PATHS = NO;
				CLANG_ANALYZER_NONNULL = YES;
				CLANG_ANALYZER_NUMBER_OBJECT_CONVERSION = YES_AGGRESSIVE;
				CLANG_CXX_LANGUAGE_STANDARD = "gnu++14";
				CLANG_CXX_LIBRARY = "libc++";
				CLANG_ENABLE_MODULES = YES;
				CLANG_ENABLE_OBJC_ARC = YES;
				CLANG_ENABLE_OBJC_WEAK = YES;
				CLANG_WARN_BLOCK_CAPTURE_AUTORELEASING = YES;
				CLANG_WARN_BOOL_CONVERSION = NO;
				CLANG_WARN_COMMA = YES;
				CLANG_WARN_CONSTANT_CONVERSION = NO;
				CLANG_WARN_DEPRECATED_OBJC_IMPLEMENTATIONS = YES;
				CLANG_WARN_DIRECT_OBJC_ISA_USAGE = YES_ERROR;
				CLANG_WARN_DOCUMENTATION_COMMENTS = YES;
				CLANG_WARN_EMPTY_BODY = YES;
				CLANG_WARN_ENUM_CONVERSION = NO;
				CLANG_WARN_INFINITE_RECURSION = YES;
				CLANG_WARN_INT_CONVERSION = NO;
				CLANG_WARN_NON_LITERAL_NULL_CONVERSION = NO;
				CLANG_WARN_OBJC_IMPLICIT_RETAIN_SELF = YES;
				CLANG_WARN_OBJC_LITERAL_CONVERSION = YES;
				CLANG_WARN_OBJC_ROOT_CLASS = YES_ERROR;
				CLANG_WARN_RANGE_LOOP_ANALYSIS = YES;
				CLANG_WARN_STRICT_PROTOTYPES = YES;
				CLANG_WARN_SUSPICIOUS_MOVE = YES;
				CLANG_WARN_UNGUARDED_AVAILABILITY = YES_AGGRESSIVE;
				CLANG_WARN_UNREACHABLE_CODE = YES;
				CLANG_WARN__DUPLICATE_METHOD_MATCH = YES;
				CODE_SIGN_IDENTITY = "-";
				COPY_PHASE_STRIP = NO;
				DEBUG_INFORMATION_FORMAT = dwarf;
				ENABLE_STRICT_OBJC_MSGSEND = YES;
				ENABLE_TESTABILITY = YES;
				GCC_C_LANGUAGE_STANDARD = gnu11;
				GCC_DYNAMIC_NO_PIC = NO;
				GCC_NO_COMMON_BLOCKS = YES;
				GCC_OPTIMIZATION_LEVEL = 0;
				GCC_PREPROCESSOR_DEFINITIONS = (
					"DEBUG=1",
					"$(inherited)",
				);
				GCC_WARN_64_TO_32_BIT_CONVERSION = NO;
				GCC_WARN_ABOUT_RETURN_TYPE = YES_ERROR;
				GCC_WARN_TYPECHECK_CALLS_TO_PRINTF = NO;
				GCC_WARN_UNDECLARED_SELECTOR = YES;
				GCC_WARN_UNINITIALIZED_AUTOS = YES_AGGRESSIVE;
				GCC_WARN_UNUSED_FUNCTION = YES;
				GCC_WARN_UNUSED_VARIABLE = YES;
				HEADER_SEARCH_PATHS = /usr/local/include;
				MACOSX_DEPLOYMENT_TARGET = 10.14;
				MTL_ENABLE_DEBUG_INFO = INCLUDE_SOURCE;
				MTL_FAST_MATH = YES;
				ONLY_ACTIVE_ARCH = YES;
				OTHER_LDFLAGS = "-L/Users/tomdenottelander/miniconda3/lib/python3.7/config-3.7m-darwin";
				SDKROOT = macosx;
			};
			name = Debug;
		};
		C2ABE4D123840C6700D6E774 /* Release */ = {
			isa = XCBuildConfiguration;
			buildSettings = {
				ALWAYS_SEARCH_USER_PATHS = NO;
				CLANG_ANALYZER_NONNULL = YES;
				CLANG_ANALYZER_NUMBER_OBJECT_CONVERSION = YES_AGGRESSIVE;
				CLANG_CXX_LANGUAGE_STANDARD = "gnu++14";
				CLANG_CXX_LIBRARY = "libc++";
				CLANG_ENABLE_MODULES = YES;
				CLANG_ENABLE_OBJC_ARC = YES;
				CLANG_ENABLE_OBJC_WEAK = YES;
				CLANG_WARN_BLOCK_CAPTURE_AUTORELEASING = YES;
				CLANG_WARN_BOOL_CONVERSION = NO;
				CLANG_WARN_COMMA = YES;
				CLANG_WARN_CONSTANT_CONVERSION = NO;
				CLANG_WARN_DEPRECATED_OBJC_IMPLEMENTATIONS = YES;
				CLANG_WARN_DIRECT_OBJC_ISA_USAGE = YES_ERROR;
				CLANG_WARN_DOCUMENTATION_COMMENTS = YES;
				CLANG_WARN_EMPTY_BODY = YES;
				CLANG_WARN_ENUM_CONVERSION = NO;
				CLANG_WARN_INFINITE_RECURSION = YES;
				CLANG_WARN_INT_CONVERSION = NO;
				CLANG_WARN_NON_LITERAL_NULL_CONVERSION = NO;
				CLANG_WARN_OBJC_IMPLICIT_RETAIN_SELF = YES;
				CLANG_WARN_OBJC_LITERAL_CONVERSION = YES;
				CLANG_WARN_OBJC_ROOT_CLASS = YES_ERROR;
				CLANG_WARN_RANGE_LOOP_ANALYSIS = YES;
				CLANG_WARN_STRICT_PROTOTYPES = YES;
				CLANG_WARN_SUSPICIOUS_MOVE = YES;
				CLANG_WARN_UNGUARDED_AVAILABILITY = YES_AGGRESSIVE;
				CLANG_WARN_UNREACHABLE_CODE = YES;
				CLANG_WARN__DUPLICATE_METHOD_MATCH = YES;
				CODE_SIGN_IDENTITY = "-";
				COPY_PHASE_STRIP = NO;
				DEBUG_INFORMATION_FORMAT = "dwarf-with-dsym";
				ENABLE_NS_ASSERTIONS = NO;
				ENABLE_STRICT_OBJC_MSGSEND = YES;
				GCC_C_LANGUAGE_STANDARD = gnu11;
				GCC_NO_COMMON_BLOCKS = YES;
				GCC_WARN_64_TO_32_BIT_CONVERSION = NO;
				GCC_WARN_ABOUT_RETURN_TYPE = YES_ERROR;
				GCC_WARN_TYPECHECK_CALLS_TO_PRINTF = NO;
				GCC_WARN_UNDECLARED_SELECTOR = YES;
				GCC_WARN_UNINITIALIZED_AUTOS = YES_AGGRESSIVE;
				GCC_WARN_UNUSED_FUNCTION = YES;
				GCC_WARN_UNUSED_VARIABLE = YES;
				HEADER_SEARCH_PATHS = /usr/local/include;
				MACOSX_DEPLOYMENT_TARGET = 10.14;
				MTL_ENABLE_DEBUG_INFO = NO;
				MTL_FAST_MATH = YES;
				OTHER_LDFLAGS = "-L/Users/tomdenottelander/miniconda3/lib/python3.7/config-3.7m-darwin";
				SDKROOT = macosx;
			};
			name = Release;
		};
		C2ABE4D323840C6700D6E774 /* Debug */ = {
			isa = XCBuildConfiguration;
			buildSettings = {
				CODE_SIGN_STYLE = Automatic;
				HEADER_SEARCH_PATHS = /usr/local/include;
				LD_RUNPATH_SEARCH_PATHS = "";
				OTHER_CFLAGS = (
					"-I/Users/tomdenottelander/miniconda3/envs/myenv/include/python3.7m",
					"-I/Users/tomdenottelander/miniconda3/envs/myenv/include/python3.7m",
					"-Wno-unused-result",
					"-Wsign-compare",
					"-Wunreachable-code",
					"-DNDEBUG",
					"-g",
					"-fwrapv",
					"-O3",
					"-Wall",
					"-Wstrict-prototypes",
					"-I/Users/tomdenottelander/miniconda3/envs/myenv/include",
					"-arch",
					x86_64,
					"-I/Users/tomdenottelander/miniconda3/envs/myenv/include",
					"-arch",
					x86_64,
				);
				OTHER_LDFLAGS = (
					"-L/Users/tomdenottelander/miniconda3/envs/myenv/lib/python3.7/config-3.7m-darwin",
					"-lpython3.7m",
					"-ldl",
					"-framework",
					CoreFoundation,
				);
				PRELINK_LIBS = "";
				PRODUCT_NAME = "$(TARGET_NAME)";
			};
			name = Debug;
		};
		C2ABE4D423840C6700D6E774 /* Release */ = {
			isa = XCBuildConfiguration;
			buildSettings = {
				CODE_SIGN_STYLE = Automatic;
				GCC_OPTIMIZATION_LEVEL = s;
				HEADER_SEARCH_PATHS = /usr/local/include;
				LD_RUNPATH_SEARCH_PATHS = "";
				LIBRARY_SEARCH_PATHS = "";
				OTHER_CFLAGS = (
					"-I/Users/tomdenottelander/miniconda3/envs/myenv/include/python3.7m",
					"-I/Users/tomdenottelander/miniconda3/envs/myenv/include/python3.7m",
					"-Wno-unused-result",
					"-Wsign-compare",
					"-Wunreachable-code",
					"-DNDEBUG",
					"-g",
					"-fwrapv",
					"-O3",
					"-Wall",
					"-Wstrict-prototypes",
					"-I/Users/tomdenottelander/miniconda3/envs/myenv/include",
					"-arch",
					x86_64,
					"-I/Users/tomdenottelander/miniconda3/envs/myenv/include",
					"-arch",
					x86_64,
				);
				OTHER_LDFLAGS = (
					"-L/Users/tomdenottelander/miniconda3/envs/myenv/lib/python3.7/config-3.7m-darwin",
					"-lpython3.7m",
					"-ldl",
					"-framework",
					CoreFoundation,
				);
				PRODUCT_NAME = "$(TARGET_NAME)";
			};
			name = Release;
		};
/* End XCBuildConfiguration section */

/* Begin XCConfigurationList section */
		C2ABE4C623840C6700D6E774 /* Build configuration list for PBXProject "GA" */ = {
			isa = XCConfigurationList;
			buildConfigurations = (
				C2ABE4D023840C6700D6E774 /* Debug */,
				C2ABE4D123840C6700D6E774 /* Release */,
			);
			defaultConfigurationIsVisible = 0;
			defaultConfigurationName = Release;
		};
		C2ABE4D223840C6700D6E774 /* Build configuration list for PBXNativeTarget "GA" */ = {
			isa = XCConfigurationList;
			buildConfigurations = (
				C2ABE4D323840C6700D6E774 /* Debug */,
				C2ABE4D423840C6700D6E774 /* Release */,
			);
			defaultConfigurationIsVisible = 0;
			defaultConfigurationName = Release;
		};
/* End XCConfigurationList section */
	};
	rootObject = C2ABE4C323840C6700D6E774 /* Project object */;
}
