<?xml version="1.0" encoding="UTF-8"?>
<Scheme
   LastUpgradeVersion = "1030"
   version = "1.3">
   <BuildAction
      parallelizeBuildables = "YES"
      buildImplicitDependencies = "YES">
      <BuildActionEntries>
         <BuildActionEntry
            buildForTesting = "YES"
            buildForRunning = "YES"
            buildForProfiling = "YES"
            buildForArchiving = "YES"
            buildForAnalyzing = "YES">
            <BuildableReference
               BuildableIdentifier = "primary"
               BlueprintIdentifier = "C2ABE4CA23840C6700D6E774"
               BuildableName = "GA"
               BlueprintName = "GA"
               ReferencedContainer = "container:GA.xcodeproj">
            </BuildableReference>
         </BuildActionEntry>
      </BuildActionEntries>
   </BuildAction>
   <TestAction
      buildConfiguration = "Debug"
      selectedDebuggerIdentifier = "Xcode.DebuggerFoundation.Debugger.LLDB"
      selectedLauncherIdentifier = "Xcode.DebuggerFoundation.Launcher.LLDB"
      shouldUseLaunchSchemeArgsEnv = "YES">
      <Testables>
      </Testables>
      <MacroExpansion>
         <BuildableReference
            BuildableIdentifier = "primary"
            BlueprintIdentifier = "C2ABE4CA23840C6700D6E774"
            BuildableName = "GA"
            BlueprintName = "GA"
            ReferencedContainer = "container:GA.xcodeproj">
         </BuildableReference>
      </MacroExpansion>
      <AdditionalOptions>
      </AdditionalOptions>
   </TestAction>
   <LaunchAction
      buildConfiguration = "Release"
      selectedDebuggerIdentifier = "Xcode.DebuggerFoundation.Debugger.LLDB"
      selectedLauncherIdentifier = "Xcode.DebuggerFoundation.Launcher.LLDB"
      launchStyle = "0"
      useCustomWorkingDirectory = "NO"
      ignoresPersistentStateOnLaunch = "NO"
      debugDocumentVersioning = "YES"
      debugServiceExtension = "internal"
      allowLocationSimulation = "YES">
      <BuildableProductRunnable
         runnableDebuggingMode = "0">
         <BuildableReference
            BuildableIdentifier = "primary"
            BlueprintIdentifier = "C2ABE4CA23840C6700D6E774"
            BuildableName = "GA"
            BlueprintName = "GA"
            ReferencedContainer = "container:GA.xcodeproj">
         </BuildableReference>
      </BuildableProductRunnable>
      <CommandLineArguments>
         <CommandLineArgument
            argument = "-?"
            isEnabled = "NO">
         </CommandLineArgument>
         <CommandLineArgument
            argument = "-S 10"
            isEnabled = "YES">
         </CommandLineArgument>
         <CommandLineArgument
            argument = "-M 1"
            isEnabled = "YES">
         </CommandLineArgument>
         <CommandLineArgument
            argument = "-n 50000"
            isEnabled = "YES">
         </CommandLineArgument>
         <CommandLineArgument
            argument = "-f ark7 14 2"
            isEnabled = "YES">
         </CommandLineArgument>
         <CommandLineArgument
            argument = "-F learned"
            isEnabled = "YES">
         </CommandLineArgument>
         <CommandLineArgument
            argument = "-F RT"
            isEnabled = "NO">
         </CommandLineArgument>
         <CommandLineArgument
            argument = "-I 1 -o MO-GOMEA -r 30 -q 0"
            isEnabled = "YES">
         </CommandLineArgument>
         <CommandLineArgument
            argument = "-c entire_pareto"
            isEnabled = "NO">
         </CommandLineArgument>
         <CommandLineArgument
            argument = "-O testrun"
            isEnabled = "NO">
         </CommandLineArgument>
         <CommandLineArgument
            argument = "-O MO-GOMEA_LT_bound4"
            isEnabled = "YES">
         </CommandLineArgument>
         <CommandLineArgument
            argument = "-e 10000 -f ark7 14 1 -v 2p -o SimpleGA -r 1 -q 1 -M 0"
            isEnabled = "NO">
         </CommandLineArgument>
         <CommandLineArgument
            argument = "-S 1 -e 10000 -f ark-online 17 2 -c entire_pareto -v 2p -o NSGA-II -I 0 -p 200 -r 5 -a 1"
            isEnabled = "NO">
         </CommandLineArgument>
         <CommandLineArgument
            argument = "-S 1 -u 10000 -f lotz 15 2 -F uni rand -o MO-GOMEA -I 0 -p 200 -r 5"
            isEnabled = "NO">
         </CommandLineArgument>
         <CommandLineArgument
            argument = "-S 1 -u 10000 -f lotz 15 2 -F learned -o MO-GOMEA -I 0 -p 200 -r 5"
            isEnabled = "NO">
         </CommandLineArgument>
         <CommandLineArgument
            argument = "-I 0 -p 50 -n 40 -f ark-online 3 1 -o RS -r 2 -M 1"
            isEnabled = "NO">
         </CommandLineArgument>
         <CommandLineArgument
            argument = "-S 1 -e 10000 -f zmom 5 2 -c entire_pareto -v 2p -o NSGA-II -I 0 -p 16 -r 5 -a 1"
            isEnabled = "NO">
         </CommandLineArgument>
         <CommandLineArgument
            argument = "-e 1000000 -I 1 -f ark7 14 1 -v 2p -o SimpleGA -r 10 -M 0 -x 0 -q 0"
            isEnabled = "NO">
         </CommandLineArgument>
         <CommandLineArgument
            argument = "-I 0 -p 50 -n 40 -f ark-online 3 2 -o NSGA-II -r 2 -M 1"
            isEnabled = "NO">
         </CommandLineArgument>
         <CommandLineArgument
            argument = "-S 10 -I 0 -p 50 -e 1000 -f ark8 14 1 -o RS -r 1 -M 1 -x 1"
            isEnabled = "NO">
         </CommandLineArgument>
         <CommandLineArgument
            argument = "-S 10 -I 0 -p 100 -e 10000000 -f ark8 14 2 -o NSGA-II -r 30 -M 1 -x 0 -q 0"
            isEnabled = "NO">
         </CommandLineArgument>
         <CommandLineArgument
            argument = "-S 10 -I 1 -e 10000 -f zmom 15 -F learned -o MO-GOMEA -r 10 -M 1 -x 0"
            isEnabled = "NO">
         </CommandLineArgument>
         <CommandLineArgument
            argument = "-n 200 -f ark-online 17 2 -F uni rand -o MO-LS -r 1 -I 0 -p 300 -M 1 -q 1"
            isEnabled = "NO">
         </CommandLineArgument>
         <CommandLineArgument
            argument = "-I 0 -p 50 -e 1000 -f ark8 14 1 -o RS -r 2"
            isEnabled = "NO">
         </CommandLineArgument>
         <CommandLineArgument
            argument = "-I 0 -p 50 -e 1000 -f zmom 5 -c entire_pareto -v 2p -o NSGA-II -r 10"
            isEnabled = "NO">
         </CommandLineArgument>
      </CommandLineArguments>
      <AdditionalOptions>
      </AdditionalOptions>
   </LaunchAction>
   <ProfileAction
      buildConfiguration = "Release"
      shouldUseLaunchSchemeArgsEnv = "YES"
      savedToolIdentifier = ""
      useCustomWorkingDirectory = "NO"
      debugDocumentVersioning = "YES">
      <BuildableProductRunnable
         runnableDebuggingMode = "0">
         <BuildableReference
            BuildableIdentifier = "primary"
            BlueprintIdentifier = "C2ABE4CA23840C6700D6E774"
            BuildableName = "GA"
            BlueprintName = "GA"
            ReferencedContainer = "container:GA.xcodeproj">
         </BuildableReference>
      </BuildableProductRunnable>
   </ProfileAction>
   <AnalyzeAction
      buildConfiguration = "Debug">
   </AnalyzeAction>
   <ArchiveAction
      buildConfiguration = "Release"
      revealArchiveInOrganizer = "YES">
   </ArchiveAction>
</Scheme>
